{
  "version": 4,
  "terraform_version": "1.4.6",
  "serial": 21,
  "lineage": "7ce4bb87-3e7c-baaa-eb0d-457a08e94dcc",
  "outputs": {},
  "resources": [
    {
      "mode": "data",
      "type": "azurerm_public_ip",
      "name": "public_ip",
      "provider": "provider[\"registry.terraform.io/hashicorp/azurerm\"]",
      "instances": [
        {
          "schema_version": 0,
          "attributes": {
            "allocation_method": "Dynamic",
            "ddos_protection_mode": "VirtualNetworkInherited",
            "ddos_protection_plan_id": null,
            "domain_name_label": "",
            "fqdn": "",
            "id": "/subscriptions/80beae50-8fde-4c7e-9fe0-d328d4b6b84d/resourceGroups/tf-demo-storage/providers/Microsoft.Network/publicIPAddresses/instance1-public-ip",
            "idle_timeout_in_minutes": 4,
            "ip_address": "23.97.133.58",
            "ip_tags": {},
            "ip_version": "IPv4",
            "location": "westeurope",
            "name": "instance1-public-ip",
            "resource_group_name": "tf-demo-storage",
            "reverse_fqdn": "",
            "sku": "Basic",
            "tags": {},
            "timeouts": null,
            "zones": []
          },
          "sensitive_attributes": []
        }
      ]
    },
    {
      "mode": "managed",
      "type": "azurerm_network_interface",
      "name": "demo-instance",
      "provider": "provider[\"registry.terraform.io/hashicorp/azurerm\"]",
      "instances": [
        {
          "schema_version": 0,
          "attributes": {
            "applied_dns_servers": [],
            "dns_servers": [],
            "edge_zone": "",
            "enable_accelerated_networking": false,
            "enable_ip_forwarding": false,
            "id": "/subscriptions/80beae50-8fde-4c7e-9fe0-d328d4b6b84d/resourceGroups/tf-demo-storage/providers/Microsoft.Network/networkInterfaces/demo-instance1",
            "internal_dns_name_label": "",
            "internal_domain_name_suffix": "moyajmci5jquxg1qpd2yf2znse.ax.internal.cloudapp.net",
            "ip_configuration": [
              {
                "gateway_load_balancer_frontend_ip_configuration_id": "",
                "name": "instance1",
                "primary": true,
                "private_ip_address": "10.0.0.4",
                "private_ip_address_allocation": "Dynamic",
                "private_ip_address_version": "IPv4",
                "public_ip_address_id": "/subscriptions/80beae50-8fde-4c7e-9fe0-d328d4b6b84d/resourceGroups/tf-demo-storage/providers/Microsoft.Network/publicIPAddresses/instance1-public-ip",
                "subnet_id": "/subscriptions/80beae50-8fde-4c7e-9fe0-d328d4b6b84d/resourceGroups/tf-demo-storage/providers/Microsoft.Network/virtualNetworks/demo-network/subnets/demo-internal-1"
              }
            ],
            "location": "westeurope",
            "mac_address": "00-0D-3A-BE-3B-A6",
            "name": "demo-instance1",
            "private_ip_address": "10.0.0.4",
            "private_ip_addresses": [
              "10.0.0.4"
            ],
            "resource_group_name": "tf-demo-storage",
            "tags": {},
            "timeouts": null,
            "virtual_machine_id": "/subscriptions/80beae50-8fde-4c7e-9fe0-d328d4b6b84d/resourceGroups/tf-demo-storage/providers/Microsoft.Compute/virtualMachines/demo-vm"
          },
          "sensitive_attributes": [],
          "private": "eyJlMmJmYjczMC1lY2FhLTExZTYtOGY4OC0zNDM2M2JjN2M0YzAiOnsiY3JlYXRlIjoxODAwMDAwMDAwMDAwLCJkZWxldGUiOjE4MDAwMDAwMDAwMDAsInJlYWQiOjMwMDAwMDAwMDAwMCwidXBkYXRlIjoxODAwMDAwMDAwMDAwfX0=",
          "dependencies": [
            "azurerm_public_ip.demo-instance",
            "azurerm_resource_group.demo",
            "azurerm_subnet.demo-internal-1",
            "azurerm_virtual_network.demo"
          ]
        }
      ]
    },
    {
      "mode": "managed",
      "type": "azurerm_network_interface_security_group_association",
      "name": "demo-instance-association",
      "provider": "provider[\"registry.terraform.io/hashicorp/azurerm\"]",
      "instances": [
        {
          "schema_version": 0,
          "attributes": {
            "id": "/subscriptions/80beae50-8fde-4c7e-9fe0-d328d4b6b84d/resourceGroups/tf-demo-storage/providers/Microsoft.Network/networkInterfaces/demo-instance1|/subscriptions/80beae50-8fde-4c7e-9fe0-d328d4b6b84d/resourceGroups/tf-demo-storage/providers/Microsoft.Network/networkSecurityGroups/demo-allow-ssh",
            "network_interface_id": "/subscriptions/80beae50-8fde-4c7e-9fe0-d328d4b6b84d/resourceGroups/tf-demo-storage/providers/Microsoft.Network/networkInterfaces/demo-instance1",
            "network_security_group_id": "/subscriptions/80beae50-8fde-4c7e-9fe0-d328d4b6b84d/resourceGroups/tf-demo-storage/providers/Microsoft.Network/networkSecurityGroups/demo-allow-ssh",
            "timeouts": null
          },
          "sensitive_attributes": [],
          "private": "eyJlMmJmYjczMC1lY2FhLTExZTYtOGY4OC0zNDM2M2JjN2M0YzAiOnsiY3JlYXRlIjoxODAwMDAwMDAwMDAwLCJkZWxldGUiOjE4MDAwMDAwMDAwMDAsInJlYWQiOjMwMDAwMDAwMDAwMCwidXBkYXRlIjoxODAwMDAwMDAwMDAwfX0=",
          "dependencies": [
            "azurerm_network_interface.demo-instance",
            "azurerm_network_security_group.allow-ssh",
            "azurerm_public_ip.demo-instance",
            "azurerm_resource_group.demo",
            "azurerm_subnet.demo-internal-1",
            "azurerm_virtual_network.demo"
          ]
        }
      ]
    },
    {
      "mode": "managed",
      "type": "azurerm_network_security_group",
      "name": "allow-ssh",
      "provider": "provider[\"registry.terraform.io/hashicorp/azurerm\"]",
      "instances": [
        {
          "schema_version": 0,
          "attributes": {
            "id": "/subscriptions/80beae50-8fde-4c7e-9fe0-d328d4b6b84d/resourceGroups/tf-demo-storage/providers/Microsoft.Network/networkSecurityGroups/demo-allow-ssh",
            "location": "westeurope",
            "name": "demo-allow-ssh",
            "resource_group_name": "tf-demo-storage",
            "security_rule": [
              {
                "access": "Allow",
                "description": "",
                "destination_address_prefix": "*",
                "destination_address_prefixes": [],
                "destination_application_security_group_ids": [],
                "destination_port_range": "22",
                "destination_port_ranges": [],
                "direction": "Inbound",
                "name": "SSH",
                "priority": 1001,
                "protocol": "Tcp",
                "source_address_prefix": "*",
                "source_address_prefixes": [],
                "source_application_security_group_ids": [],
                "source_port_range": "*",
                "source_port_ranges": []
              }
            ],
            "tags": {},
            "timeouts": null
          },
          "sensitive_attributes": [],
          "private": "eyJlMmJmYjczMC1lY2FhLTExZTYtOGY4OC0zNDM2M2JjN2M0YzAiOnsiY3JlYXRlIjoxODAwMDAwMDAwMDAwLCJkZWxldGUiOjE4MDAwMDAwMDAwMDAsInJlYWQiOjMwMDAwMDAwMDAwMCwidXBkYXRlIjoxODAwMDAwMDAwMDAwfX0=",
          "dependencies": [
            "azurerm_resource_group.demo"
          ]
        }
      ]
    },
    {
      "mode": "managed",
      "type": "azurerm_public_ip",
      "name": "demo-instance",
      "provider": "provider[\"registry.terraform.io/hashicorp/azurerm\"]",
      "instances": [
        {
          "schema_version": 0,
          "attributes": {
            "allocation_method": "Dynamic",
            "ddos_protection_mode": "VirtualNetworkInherited",
            "ddos_protection_plan_id": null,
            "domain_name_label": null,
            "edge_zone": "",
            "fqdn": null,
            "id": "/subscriptions/80beae50-8fde-4c7e-9fe0-d328d4b6b84d/resourceGroups/tf-demo-storage/providers/Microsoft.Network/publicIPAddresses/instance1-public-ip",
            "idle_timeout_in_minutes": 4,
            "ip_address": "23.97.133.58",
            "ip_tags": {},
            "ip_version": "IPv4",
            "location": "westeurope",
            "name": "instance1-public-ip",
            "public_ip_prefix_id": null,
            "resource_group_name": "tf-demo-storage",
            "reverse_fqdn": null,
            "sku": "Basic",
            "sku_tier": "Regional",
            "tags": {},
            "timeouts": null,
            "zones": []
          },
          "sensitive_attributes": [],
          "private": "eyJlMmJmYjczMC1lY2FhLTExZTYtOGY4OC0zNDM2M2JjN2M0YzAiOnsiY3JlYXRlIjoxODAwMDAwMDAwMDAwLCJkZWxldGUiOjE4MDAwMDAwMDAwMDAsInJlYWQiOjMwMDAwMDAwMDAwMCwidXBkYXRlIjoxODAwMDAwMDAwMDAwfX0=",
          "dependencies": [
            "azurerm_resource_group.demo"
          ]
        }
      ]
    },
    {
      "mode": "managed",
      "type": "azurerm_resource_group",
      "name": "demo",
      "provider": "provider[\"registry.terraform.io/hashicorp/azurerm\"]",
      "instances": [
        {
          "schema_version": 0,
          "attributes": {
            "id": "/subscriptions/80beae50-8fde-4c7e-9fe0-d328d4b6b84d/resourceGroups/tf-demo-storage",
            "location": "westeurope",
            "name": "tf-demo-storage",
            "tags": {},
            "timeouts": null
          },
          "sensitive_attributes": [],
          "private": "eyJlMmJmYjczMC1lY2FhLTExZTYtOGY4OC0zNDM2M2JjN2M0YzAiOnsiY3JlYXRlIjo1NDAwMDAwMDAwMDAwLCJkZWxldGUiOjU0MDAwMDAwMDAwMDAsInJlYWQiOjMwMDAwMDAwMDAwMCwidXBkYXRlIjo1NDAwMDAwMDAwMDAwfX0="
        }
      ]
    },
    {
      "mode": "managed",
      "type": "azurerm_storage_account",
      "name": "trainingsa",
      "provider": "provider[\"registry.terraform.io/hashicorp/azurerm\"]",
      "instances": [
        {
          "schema_version": 3,
          "attributes": {
            "access_tier": "Hot",
            "account_kind": "StorageV2",
            "account_replication_type": "LRS",
            "account_tier": "Standard",
            "allow_nested_items_to_be_public": true,
            "allowed_copy_scope": "",
            "azure_files_authentication": [],
            "blob_properties": [
              {
                "change_feed_enabled": false,
                "change_feed_retention_in_days": 0,
                "container_delete_retention_policy": [],
                "cors_rule": [],
                "default_service_version": "",
                "delete_retention_policy": [],
                "last_access_time_enabled": false,
                "restore_policy": [],
                "versioning_enabled": false
              }
            ],
            "cross_tenant_replication_enabled": true,
            "custom_domain": [],
            "customer_managed_key": [],
            "default_to_oauth_authentication": false,
            "edge_zone": "",
            "enable_https_traffic_only": true,
            "id": "/subscriptions/80beae50-8fde-4c7e-9fe0-d328d4b6b84d/resourceGroups/tf-demo-storage/providers/Microsoft.Storage/storageAccounts/trainingsa68467",
            "identity": [],
            "immutability_policy": [],
            "infrastructure_encryption_enabled": false,
            "is_hns_enabled": false,
            "large_file_share_enabled": null,
            "location": "westeurope",
            "min_tls_version": "TLS1_2",
            "name": "trainingsa68467",
            "network_rules": [
              {
                "bypass": [
                  "AzureServices"
                ],
                "default_action": "Deny",
                "ip_rules": [],
                "private_link_access": [],
                "virtual_network_subnet_ids": [
                  "/subscriptions/80beae50-8fde-4c7e-9fe0-d328d4b6b84d/resourceGroups/tf-demo-storage/providers/Microsoft.Network/virtualNetworks/demo-network/subnets/demo-internal-1"
                ]
              }
            ],
            "nfsv3_enabled": false,
            "primary_access_key": "uhDSbdE1kOoazXWANgH6qQFLXN6wJcc1zCnTgak44Yjno45H+mW4UQtbm+zjYdgJxtzMw2KMO3UN+AStVPiysw==",
            "primary_blob_connection_string": "DefaultEndpointsProtocol=https;BlobEndpoint=https://trainingsa68467.blob.core.windows.net/;AccountName=trainingsa68467;AccountKey=uhDSbdE1kOoazXWANgH6qQFLXN6wJcc1zCnTgak44Yjno45H+mW4UQtbm+zjYdgJxtzMw2KMO3UN+AStVPiysw==",
            "primary_blob_endpoint": "https://trainingsa68467.blob.core.windows.net/",
            "primary_blob_host": "trainingsa68467.blob.core.windows.net",
            "primary_connection_string": "DefaultEndpointsProtocol=https;AccountName=trainingsa68467;AccountKey=uhDSbdE1kOoazXWANgH6qQFLXN6wJcc1zCnTgak44Yjno45H+mW4UQtbm+zjYdgJxtzMw2KMO3UN+AStVPiysw==;EndpointSuffix=core.windows.net",
            "primary_dfs_endpoint": "https://trainingsa68467.dfs.core.windows.net/",
            "primary_dfs_host": "trainingsa68467.dfs.core.windows.net",
            "primary_file_endpoint": "https://trainingsa68467.file.core.windows.net/",
            "primary_file_host": "trainingsa68467.file.core.windows.net",
            "primary_location": "westeurope",
            "primary_queue_endpoint": "https://trainingsa68467.queue.core.windows.net/",
            "primary_queue_host": "trainingsa68467.queue.core.windows.net",
            "primary_table_endpoint": "https://trainingsa68467.table.core.windows.net/",
            "primary_table_host": "trainingsa68467.table.core.windows.net",
            "primary_web_endpoint": "https://trainingsa68467.z6.web.core.windows.net/",
            "primary_web_host": "trainingsa68467.z6.web.core.windows.net",
            "public_network_access_enabled": true,
            "queue_encryption_key_type": "Service",
            "queue_properties": [
              {
                "cors_rule": [],
                "hour_metrics": [
                  {
                    "enabled": true,
                    "include_apis": true,
                    "retention_policy_days": 7,
                    "version": "1.0"
                  }
                ],
                "logging": [
                  {
                    "delete": false,
                    "read": false,
                    "retention_policy_days": 0,
                    "version": "1.0",
                    "write": false
                  }
                ],
                "minute_metrics": [
                  {
                    "enabled": false,
                    "include_apis": false,
                    "retention_policy_days": 0,
                    "version": "1.0"
                  }
                ]
              }
            ],
            "resource_group_name": "tf-demo-storage",
            "routing": [],
            "sas_policy": [],
            "secondary_access_key": "9MzG8MyDyXW/tzUKUUXcnVGkMuD4i/vdpAfzRyRGCq3vTQgFGOjj460nmV2uTkKm3B6e4s82x1GR+AStl7ZUTg==",
            "secondary_blob_connection_string": "",
            "secondary_blob_endpoint": null,
            "secondary_blob_host": null,
            "secondary_connection_string": "DefaultEndpointsProtocol=https;AccountName=trainingsa68467;AccountKey=9MzG8MyDyXW/tzUKUUXcnVGkMuD4i/vdpAfzRyRGCq3vTQgFGOjj460nmV2uTkKm3B6e4s82x1GR+AStl7ZUTg==;EndpointSuffix=core.windows.net",
            "secondary_dfs_endpoint": null,
            "secondary_dfs_host": null,
            "secondary_file_endpoint": null,
            "secondary_file_host": null,
            "secondary_location": "",
            "secondary_queue_endpoint": null,
            "secondary_queue_host": null,
            "secondary_table_endpoint": null,
            "secondary_table_host": null,
            "secondary_web_endpoint": null,
            "secondary_web_host": null,
            "sftp_enabled": false,
            "share_properties": [
              {
                "cors_rule": [],
                "retention_policy": [
                  {
                    "days": 7
                  }
                ],
                "smb": []
              }
            ],
            "shared_access_key_enabled": true,
            "static_website": [],
            "table_encryption_key_type": "Service",
            "tags": {},
            "timeouts": null
          },
          "sensitive_attributes": [],
          "private": "eyJlMmJmYjczMC1lY2FhLTExZTYtOGY4OC0zNDM2M2JjN2M0YzAiOnsiY3JlYXRlIjozNjAwMDAwMDAwMDAwLCJkZWxldGUiOjM2MDAwMDAwMDAwMDAsInJlYWQiOjMwMDAwMDAwMDAwMCwidXBkYXRlIjozNjAwMDAwMDAwMDAwfSwic2NoZW1hX3ZlcnNpb24iOiIzIn0=",
          "dependencies": [
            "azurerm_resource_group.demo",
            "azurerm_subnet.demo-internal-1",
            "random_string.random-name"
          ]
        }
      ]
    },
    {
      "mode": "managed",
      "type": "azurerm_storage_blob",
      "name": "training-file",
      "provider": "provider[\"registry.terraform.io/hashicorp/azurerm\"]",
      "instances": [
        {
          "schema_version": 1,
          "attributes": {
            "access_tier": "Hot",
            "cache_control": "",
            "content_md5": "",
            "content_type": "application/octet-stream",
            "id": "https://trainingsa68467.blob.core.windows.net/trainingco68467/training_file.txt",
            "metadata": {},
            "name": "training_file.txt",
            "parallelism": 8,
            "size": 0,
            "source": "training_file.txt",
            "source_content": null,
            "source_uri": null,
            "storage_account_name": "trainingsa68467",
            "storage_container_name": "trainingco68467",
            "timeouts": null,
            "type": "Block",
            "url": "https://trainingsa68467.blob.core.windows.net/trainingco68467/training_file.txt"
          },
          "sensitive_attributes": [],
          "private": "eyJlMmJmYjczMC1lY2FhLTExZTYtOGY4OC0zNDM2M2JjN2M0YzAiOnsiY3JlYXRlIjoxODAwMDAwMDAwMDAwLCJkZWxldGUiOjE4MDAwMDAwMDAwMDAsInJlYWQiOjMwMDAwMDAwMDAwMCwidXBkYXRlIjoxODAwMDAwMDAwMDAwfSwic2NoZW1hX3ZlcnNpb24iOiIxIn0=",
          "dependencies": [
            "azurerm_resource_group.demo",
            "azurerm_storage_account.trainingsa",
            "azurerm_storage_container.trainingco",
            "azurerm_subnet.demo-internal-1",
            "azurerm_virtual_network.demo",
            "random_string.random-name"
          ]
        }
      ]
    },
    {
      "mode": "managed",
      "type": "azurerm_storage_container",
      "name": "trainingco",
      "provider": "provider[\"registry.terraform.io/hashicorp/azurerm\"]",
      "instances": [
        {
          "schema_version": 1,
          "attributes": {
            "container_access_type": "private",
            "has_immutability_policy": false,
            "has_legal_hold": false,
            "id": "https://trainingsa68467.blob.core.windows.net/trainingco68467",
            "metadata": {},
            "name": "trainingco68467",
            "resource_manager_id": "/subscriptions/80beae50-8fde-4c7e-9fe0-d328d4b6b84d/resourceGroups/tf-demo-storage/providers/Microsoft.Storage/storageAccounts/trainingsa68467/blobServices/default/containers/trainingco68467",
            "storage_account_name": "trainingsa68467",
            "timeouts": null
          },
          "sensitive_attributes": [],
          "private": "eyJlMmJmYjczMC1lY2FhLTExZTYtOGY4OC0zNDM2M2JjN2M0YzAiOnsiY3JlYXRlIjoxODAwMDAwMDAwMDAwLCJkZWxldGUiOjE4MDAwMDAwMDAwMDAsInJlYWQiOjMwMDAwMDAwMDAwMCwidXBkYXRlIjoxODAwMDAwMDAwMDAwfSwic2NoZW1hX3ZlcnNpb24iOiIxIn0=",
          "dependencies": [
            "azurerm_resource_group.demo",
            "azurerm_storage_account.trainingsa",
            "azurerm_subnet.demo-internal-1",
            "azurerm_virtual_network.demo",
            "random_string.random-name"
          ]
        }
      ]
    },
    {
      "mode": "managed",
      "type": "azurerm_subnet",
      "name": "demo-internal-1",
      "provider": "provider[\"registry.terraform.io/hashicorp/azurerm\"]",
      "instances": [
        {
          "schema_version": 0,
          "attributes": {
            "address_prefixes": [
              "10.0.0.0/24"
            ],
            "delegation": [],
            "enforce_private_link_endpoint_network_policies": false,
            "enforce_private_link_service_network_policies": false,
            "id": "/subscriptions/80beae50-8fde-4c7e-9fe0-d328d4b6b84d/resourceGroups/tf-demo-storage/providers/Microsoft.Network/virtualNetworks/demo-network/subnets/demo-internal-1",
            "name": "demo-internal-1",
            "private_endpoint_network_policies_enabled": true,
            "private_link_service_network_policies_enabled": true,
            "resource_group_name": "tf-demo-storage",
            "service_endpoint_policy_ids": [],
            "service_endpoints": [
              "Microsoft.Storage"
            ],
            "timeouts": null,
            "virtual_network_name": "demo-network"
          },
          "sensitive_attributes": [],
          "private": "eyJlMmJmYjczMC1lY2FhLTExZTYtOGY4OC0zNDM2M2JjN2M0YzAiOnsiY3JlYXRlIjoxODAwMDAwMDAwMDAwLCJkZWxldGUiOjE4MDAwMDAwMDAwMDAsInJlYWQiOjMwMDAwMDAwMDAwMCwidXBkYXRlIjoxODAwMDAwMDAwMDAwfX0=",
          "dependencies": [
            "azurerm_resource_group.demo",
            "azurerm_virtual_network.demo"
          ]
        }
      ]
    },
    {
      "mode": "managed",
      "type": "azurerm_virtual_machine",
      "name": "demo-instance",
      "provider": "provider[\"registry.terraform.io/hashicorp/azurerm\"]",
      "instances": [
        {
          "schema_version": 0,
          "attributes": {
            "additional_capabilities": [],
            "availability_set_id": null,
            "boot_diagnostics": [],
            "delete_data_disks_on_termination": true,
            "delete_os_disk_on_termination": true,
            "id": "/subscriptions/80beae50-8fde-4c7e-9fe0-d328d4b6b84d/resourceGroups/tf-demo-storage/providers/Microsoft.Compute/virtualMachines/demo-vm",
            "identity": [],
            "license_type": null,
            "location": "westeurope",
            "name": "demo-vm",
            "network_interface_ids": [
              "/subscriptions/80beae50-8fde-4c7e-9fe0-d328d4b6b84d/resourceGroups/tf-demo-storage/providers/Microsoft.Network/networkInterfaces/demo-instance1"
            ],
            "os_profile": [
              {
                "admin_password": "",
                "admin_username": "wasytb",
                "computer_name": "demo-instance",
                "custom_data": ""
              }
            ],
            "os_profile_linux_config": [
              {
                "disable_password_authentication": true,
                "ssh_keys": [
                  {
                    "key_data": "ssh-rsa AAAAB3NzaC1yc2EAAAADAQABAAABgQDIuHBnRto4A6yhVwz94RWgrwhyrF5ptYuoEqBd1L2UTL0YL3njcTfxf1fdlzCvF/jX1ehV6dVmhAUUiJRbRqGTcTF8ndT4H9uDIRnf/hkPvmD16wjgcDSnDQ95dyRComMcWRawdqHd1/wZ51CnvtP007shaZoZDai7Q/b7EFVtk7c8jMtajxg+FUq2tz0sQ3PG1Boz99TPM96peaf60ZqAWaXLuI97OUySdtmRqJb0Yeeyg8vIuy6P/HVLeBbtvihS9yUGqfv0Y4e3mwBrniqJJ407moBl0ozqWjWI+HA4S1EggDqkEQd0P/ymO2X43JXDuXiD+kR6MBz2036fUkhDjv5bJl3VkeUffELaRmAK1LHNqyjMyu6DNgEMeZtSx7erOTGSnwfVbtJcmt/4nYKRo4ofhkrXHU1bwegyHpCWWcWXrnFyRn5bDKIn5P3C425fHuXZAMlyOT/40Y4J+nOToGLeB8+KhoXEY6SY7r5CTmOQPz+UyunJLl2cdN7b+Gc= wasytb@DESKTOP-3M9N6H3\n",
                    "path": "/home/wasytb/.ssh/authorized_keys"
                  }
                ]
              }
            ],
            "os_profile_secrets": [],
            "os_profile_windows_config": [],
            "plan": [],
            "primary_network_interface_id": null,
            "proximity_placement_group_id": null,
            "resource_group_name": "tf-demo-storage",
            "storage_data_disk": [],
            "storage_image_reference": [
              {
                "id": "",
                "offer": "UbuntuServer",
                "publisher": "Canonical",
                "sku": "18.04-LTS",
                "version": "latest"
              }
            ],
            "storage_os_disk": [
              {
                "caching": "ReadWrite",
                "create_option": "FromImage",
                "disk_size_gb": 30,
                "image_uri": "",
                "managed_disk_id": "/subscriptions/80beae50-8fde-4c7e-9fe0-d328d4b6b84d/resourceGroups/tf-demo-storage/providers/Microsoft.Compute/disks/myosdisk1",
                "managed_disk_type": "Standard_LRS",
                "name": "myosdisk1",
                "os_type": "Linux",
                "vhd_uri": "",
                "write_accelerator_enabled": false
              }
            ],
            "tags": {},
            "timeouts": null,
            "vm_size": "Standard_A1_v2",
            "zones": []
          },
          "sensitive_attributes": [],
          "private": "eyJlMmJmYjczMC1lY2FhLTExZTYtOGY4OC0zNDM2M2JjN2M0YzAiOnsiY3JlYXRlIjozNjAwMDAwMDAwMDAwLCJkZWxldGUiOjM2MDAwMDAwMDAwMDAsInJlYWQiOjMwMDAwMDAwMDAwMCwidXBkYXRlIjozNjAwMDAwMDAwMDAwfX0=",
          "dependencies": [
            "azurerm_network_interface.demo-instance",
            "azurerm_public_ip.demo-instance",
            "azurerm_resource_group.demo",
            "azurerm_subnet.demo-internal-1",
            "azurerm_virtual_network.demo"
          ]
        }
      ]
    },
    {
      "mode": "managed",
      "type": "azurerm_virtual_network",
      "name": "demo",
      "provider": "provider[\"registry.terraform.io/hashicorp/azurerm\"]",
      "instances": [
        {
          "schema_version": 0,
          "attributes": {
            "address_space": [
              "10.0.0.0/16"
            ],
            "bgp_community": "",
            "ddos_protection_plan": [],
            "dns_servers": [],
            "edge_zone": "",
            "flow_timeout_in_minutes": 0,
            "guid": "b004b063-fa48-4b61-9b70-78f982f32d94",
            "id": "/subscriptions/80beae50-8fde-4c7e-9fe0-d328d4b6b84d/resourceGroups/tf-demo-storage/providers/Microsoft.Network/virtualNetworks/demo-network",
            "location": "westeurope",
            "name": "demo-network",
            "resource_group_name": "tf-demo-storage",
            "subnet": [
              {
                "address_prefix": "10.0.0.0/24",
                "id": "/subscriptions/80beae50-8fde-4c7e-9fe0-d328d4b6b84d/resourceGroups/tf-demo-storage/providers/Microsoft.Network/virtualNetworks/demo-network/subnets/demo-internal-1",
                "name": "demo-internal-1",
                "security_group": ""
              }
            ],
            "tags": {},
            "timeouts": null
          },
          "sensitive_attributes": [],
          "private": "eyJlMmJmYjczMC1lY2FhLTExZTYtOGY4OC0zNDM2M2JjN2M0YzAiOnsiY3JlYXRlIjoxODAwMDAwMDAwMDAwLCJkZWxldGUiOjE4MDAwMDAwMDAwMDAsInJlYWQiOjMwMDAwMDAwMDAwMCwidXBkYXRlIjoxODAwMDAwMDAwMDAwfX0=",
          "dependencies": [
            "azurerm_resource_group.demo"
          ]
        }
      ]
    },
    {
      "mode": "managed",
      "type": "random_string",
      "name": "random-name",
      "provider": "provider[\"registry.terraform.io/hashicorp/random\"]",
      "instances": [
        {
          "schema_version": 2,
          "attributes": {
            "id": "68467",
            "keepers": null,
            "length": 5,
            "lower": false,
            "min_lower": 0,
            "min_numeric": 0,
            "min_special": 0,
            "min_upper": 0,
            "number": true,
            "numeric": true,
            "override_special": null,
            "result": "68467",
            "special": false,
            "upper": false
          },
          "sensitive_attributes": []
        }
      ]
    }
  ],
  "check_results": null
}
