{
  "version": 4,
  "terraform_version": "1.2.6",
  "serial": 19,
  "lineage": "f16a430b-be2e-51f0-a134-f564bbd38b8f",
  "outputs": {},
  "resources": [
    {
      "mode": "managed",
      "type": "azurerm_application_security_group",
      "name": "demo-instance-group",
      "provider": "provider[\"registry.terraform.io/hashicorp/azurerm\"]",
      "instances": [
        {
          "schema_version": 0,
          "attributes": {
            "id": "/subscriptions/80beae50-8fde-4c7e-9fe0-d328d4b6b84d/resourceGroups/network-security-group-demo/providers/Microsoft.Network/applicationSecurityGroups/internet-facing",
            "location": "westeurope",
            "name": "internet-facing",
            "resource_group_name": "network-security-group-demo",
            "tags": {},
            "timeouts": null
          },
          "sensitive_attributes": [],
          "private": "eyJlMmJmYjczMC1lY2FhLTExZTYtOGY4OC0zNDM2M2JjN2M0YzAiOnsiY3JlYXRlIjoxODAwMDAwMDAwMDAwLCJkZWxldGUiOjE4MDAwMDAwMDAwMDAsInJlYWQiOjMwMDAwMDAwMDAwMCwidXBkYXRlIjoxODAwMDAwMDAwMDAwfX0=",
          "dependencies": [
            "azurerm_resource_group.demo"
          ]
        }
      ]
    },
    {
      "mode": "managed",
      "type": "azurerm_linux_virtual_machine",
      "name": "demo-instance-1",
      "provider": "provider[\"registry.terraform.io/hashicorp/azurerm\"]",
      "instances": [
        {
          "schema_version": 0,
          "attributes": {
            "additional_capabilities": [],
            "admin_password": null,
            "admin_ssh_key": [
              {
                "public_key": "ssh-rsa AAAAB3NzaC1yc2EAAAADAQABAAABgQDIuHBnRto4A6yhVwz94RWgrwhyrF5ptYuoEqBd1L2UTL0YL3njcTfxf1fdlzCvF/jX1ehV6dVmhAUUiJRbRqGTcTF8ndT4H9uDIRnf/hkPvmD16wjgcDSnDQ95dyRComMcWRawdqHd1/wZ51CnvtP007shaZoZDai7Q/b7EFVtk7c8jMtajxg+FUq2tz0sQ3PG1Boz99TPM96peaf60ZqAWaXLuI97OUySdtmRqJb0Yeeyg8vIuy6P/HVLeBbtvihS9yUGqfv0Y4e3mwBrniqJJ407moBl0ozqWjWI+HA4S1EggDqkEQd0P/ymO2X43JXDuXiD+kR6MBz2036fUkhDjv5bJl3VkeUffELaRmAK1LHNqyjMyu6DNgEMeZtSx7erOTGSnwfVbtJcmt/4nYKRo4ofhkrXHU1bwegyHpCWWcWXrnFyRn5bDKIn5P3C425fHuXZAMlyOT/40Y4J+nOToGLeB8+KhoXEY6SY7r5CTmOQPz+UyunJLl2cdN7b+Gc= wasytb@DESKTOP-3M9N6H3\n",
                "username": "wasytb"
              }
            ],
            "admin_username": "wasytb",
            "allow_extension_operations": true,
            "availability_set_id": "",
            "boot_diagnostics": [],
            "capacity_reservation_group_id": "",
            "computer_name": "demo-vm",
            "custom_data": null,
            "dedicated_host_group_id": "",
            "dedicated_host_id": "",
            "disable_password_authentication": true,
            "edge_zone": "",
            "encryption_at_host_enabled": false,
            "eviction_policy": "",
            "extensions_time_budget": "PT1H30M",
            "id": "/subscriptions/80beae50-8fde-4c7e-9fe0-d328d4b6b84d/resourceGroups/network-security-group-demo/providers/Microsoft.Compute/virtualMachines/demo-vm",
            "identity": [],
            "license_type": "",
            "location": "westeurope",
            "max_bid_price": -1,
            "name": "demo-vm",
            "network_interface_ids": [
              "/subscriptions/80beae50-8fde-4c7e-9fe0-d328d4b6b84d/resourceGroups/network-security-group-demo/providers/Microsoft.Network/networkInterfaces/demo-instance1-nic"
            ],
            "os_disk": [
              {
                "caching": "ReadWrite",
                "diff_disk_settings": [],
                "disk_encryption_set_id": "",
                "disk_size_gb": 30,
                "name": "demo-vm_OsDisk_1_0defa862054345cb921ace954166e0b9",
                "secure_vm_disk_encryption_set_id": "",
                "security_encryption_type": "",
                "storage_account_type": "Standard_LRS",
                "write_accelerator_enabled": false
              }
            ],
            "patch_mode": "ImageDefault",
            "plan": [],
            "platform_fault_domain": -1,
            "priority": "Regular",
            "private_ip_address": "10.0.0.4",
            "private_ip_addresses": [
              "10.0.0.4"
            ],
            "provision_vm_agent": true,
            "proximity_placement_group_id": "",
            "public_ip_address": "104.40.204.136",
            "public_ip_addresses": [
              "104.40.204.136"
            ],
            "resource_group_name": "network-security-group-demo",
            "secret": [],
            "secure_boot_enabled": false,
            "size": "Standard_A1_v2",
            "source_image_id": "",
            "source_image_reference": [
              {
                "offer": "UbuntuServer",
                "publisher": "Canonical",
                "sku": "16.04-LTS",
                "version": "latest"
              }
            ],
            "tags": {},
            "termination_notification": [],
            "timeouts": null,
            "user_data": "",
            "virtual_machine_id": "e6cf4003-edce-4ff1-990b-b5fe0d6997c9",
            "virtual_machine_scale_set_id": "",
            "vtpm_enabled": false,
            "zone": ""
          },
          "sensitive_attributes": [],
          "private": "eyJlMmJmYjczMC1lY2FhLTExZTYtOGY4OC0zNDM2M2JjN2M0YzAiOnsiY3JlYXRlIjoyNzAwMDAwMDAwMDAwLCJkZWxldGUiOjI3MDAwMDAwMDAwMDAsInJlYWQiOjMwMDAwMDAwMDAwMCwidXBkYXRlIjoyNzAwMDAwMDAwMDAwfX0=",
          "dependencies": [
            "azurerm_network_interface.demo-instance-1",
            "azurerm_public_ip.demo-instance-1",
            "azurerm_resource_group.demo",
            "azurerm_subnet.demo-internal-1",
            "azurerm_virtual_network.demo"
          ]
        }
      ]
    },
    {
      "mode": "managed",
      "type": "azurerm_linux_virtual_machine",
      "name": "demo-instance-2",
      "provider": "provider[\"registry.terraform.io/hashicorp/azurerm\"]",
      "instances": [
        {
          "schema_version": 0,
          "attributes": {
            "additional_capabilities": [],
            "admin_password": null,
            "admin_ssh_key": [
              {
                "public_key": "ssh-rsa AAAAB3NzaC1yc2EAAAADAQABAAABgQDIuHBnRto4A6yhVwz94RWgrwhyrF5ptYuoEqBd1L2UTL0YL3njcTfxf1fdlzCvF/jX1ehV6dVmhAUUiJRbRqGTcTF8ndT4H9uDIRnf/hkPvmD16wjgcDSnDQ95dyRComMcWRawdqHd1/wZ51CnvtP007shaZoZDai7Q/b7EFVtk7c8jMtajxg+FUq2tz0sQ3PG1Boz99TPM96peaf60ZqAWaXLuI97OUySdtmRqJb0Yeeyg8vIuy6P/HVLeBbtvihS9yUGqfv0Y4e3mwBrniqJJ407moBl0ozqWjWI+HA4S1EggDqkEQd0P/ymO2X43JXDuXiD+kR6MBz2036fUkhDjv5bJl3VkeUffELaRmAK1LHNqyjMyu6DNgEMeZtSx7erOTGSnwfVbtJcmt/4nYKRo4ofhkrXHU1bwegyHpCWWcWXrnFyRn5bDKIn5P3C425fHuXZAMlyOT/40Y4J+nOToGLeB8+KhoXEY6SY7r5CTmOQPz+UyunJLl2cdN7b+Gc= wasytb@DESKTOP-3M9N6H3\n",
                "username": "wasytb"
              }
            ],
            "admin_username": "wasytb",
            "allow_extension_operations": true,
            "availability_set_id": "",
            "boot_diagnostics": [],
            "capacity_reservation_group_id": "",
            "computer_name": "demo-instance2",
            "custom_data": null,
            "dedicated_host_group_id": "",
            "dedicated_host_id": "",
            "disable_password_authentication": true,
            "edge_zone": "",
            "encryption_at_host_enabled": false,
            "eviction_policy": "",
            "extensions_time_budget": "PT1H30M",
            "id": "/subscriptions/80beae50-8fde-4c7e-9fe0-d328d4b6b84d/resourceGroups/network-security-group-demo/providers/Microsoft.Compute/virtualMachines/demo-instance2",
            "identity": [],
            "license_type": "",
            "location": "westeurope",
            "max_bid_price": -1,
            "name": "demo-instance2",
            "network_interface_ids": [
              "/subscriptions/80beae50-8fde-4c7e-9fe0-d328d4b6b84d/resourceGroups/network-security-group-demo/providers/Microsoft.Network/networkInterfaces/demo-instance2-nic"
            ],
            "os_disk": [
              {
                "caching": "ReadWrite",
                "diff_disk_settings": [],
                "disk_encryption_set_id": "",
                "disk_size_gb": 30,
                "name": "demo-instance2_OsDisk_1_d2b5940663b54bef9961a00f7b205d94",
                "secure_vm_disk_encryption_set_id": "",
                "security_encryption_type": "",
                "storage_account_type": "Standard_LRS",
                "write_accelerator_enabled": false
              }
            ],
            "patch_mode": "ImageDefault",
            "plan": [],
            "platform_fault_domain": -1,
            "priority": "Regular",
            "private_ip_address": "10.0.0.5",
            "private_ip_addresses": [
              "10.0.0.5"
            ],
            "provision_vm_agent": true,
            "proximity_placement_group_id": "",
            "public_ip_address": "",
            "public_ip_addresses": [],
            "resource_group_name": "network-security-group-demo",
            "secret": [],
            "secure_boot_enabled": false,
            "size": "Standard_A1_v2",
            "source_image_id": "",
            "source_image_reference": [
              {
                "offer": "UbuntuServer",
                "publisher": "Canonical",
                "sku": "16.04-LTS",
                "version": "latest"
              }
            ],
            "tags": {},
            "termination_notification": [],
            "timeouts": null,
            "user_data": "",
            "virtual_machine_id": "c44fb211-d556-469e-b2ae-e2abe3895221",
            "virtual_machine_scale_set_id": "",
            "vtpm_enabled": false,
            "zone": ""
          },
          "sensitive_attributes": [],
          "private": "eyJlMmJmYjczMC1lY2FhLTExZTYtOGY4OC0zNDM2M2JjN2M0YzAiOnsiY3JlYXRlIjoyNzAwMDAwMDAwMDAwLCJkZWxldGUiOjI3MDAwMDAwMDAwMDAsInJlYWQiOjMwMDAwMDAwMDAwMCwidXBkYXRlIjoyNzAwMDAwMDAwMDAwfX0=",
          "dependencies": [
            "azurerm_network_interface.demo-instance-2",
            "azurerm_resource_group.demo",
            "azurerm_subnet.demo-internal-1",
            "azurerm_virtual_network.demo"
          ]
        }
      ]
    },
    {
      "mode": "managed",
      "type": "azurerm_network_interface",
      "name": "demo-instance-1",
      "provider": "provider[\"registry.terraform.io/hashicorp/azurerm\"]",
      "instances": [
        {
          "schema_version": 0,
          "attributes": {
            "applied_dns_servers": [],
            "dns_servers": [],
            "edge_zone": "",
            "enable_accelerated_networking": false,
            "enable_ip_forwarding": false,
            "id": "/subscriptions/80beae50-8fde-4c7e-9fe0-d328d4b6b84d/resourceGroups/network-security-group-demo/providers/Microsoft.Network/networkInterfaces/demo-instance1-nic",
            "internal_dns_name_label": "",
            "internal_domain_name_suffix": "hoz2w0pj54lutkcpo5oy4eb24h.ax.internal.cloudapp.net",
            "ip_configuration": [
              {
                "gateway_load_balancer_frontend_ip_configuration_id": "",
                "name": "instance1",
                "primary": true,
                "private_ip_address": "10.0.0.4",
                "private_ip_address_allocation": "Dynamic",
                "private_ip_address_version": "IPv4",
                "public_ip_address_id": "/subscriptions/80beae50-8fde-4c7e-9fe0-d328d4b6b84d/resourceGroups/network-security-group-demo/providers/Microsoft.Network/publicIPAddresses/demo-instance1-pip",
                "subnet_id": "/subscriptions/80beae50-8fde-4c7e-9fe0-d328d4b6b84d/resourceGroups/network-security-group-demo/providers/Microsoft.Network/virtualNetworks/demo-network/subnets/demo-internal-1"
              }
            ],
            "location": "westeurope",
            "mac_address": "60-45-BD-92-E3-40",
            "name": "demo-instance1-nic",
            "private_ip_address": "10.0.0.4",
            "private_ip_addresses": [
              "10.0.0.4"
            ],
            "resource_group_name": "network-security-group-demo",
            "tags": {},
            "timeouts": null,
            "virtual_machine_id": "/subscriptions/80beae50-8fde-4c7e-9fe0-d328d4b6b84d/resourceGroups/network-security-group-demo/providers/Microsoft.Compute/virtualMachines/demo-vm"
          },
          "sensitive_attributes": [],
          "private": "eyJlMmJmYjczMC1lY2FhLTExZTYtOGY4OC0zNDM2M2JjN2M0YzAiOnsiY3JlYXRlIjoxODAwMDAwMDAwMDAwLCJkZWxldGUiOjE4MDAwMDAwMDAwMDAsInJlYWQiOjMwMDAwMDAwMDAwMCwidXBkYXRlIjoxODAwMDAwMDAwMDAwfX0=",
          "dependencies": [
            "azurerm_public_ip.demo-instance-1",
            "azurerm_resource_group.demo",
            "azurerm_subnet.demo-internal-1",
            "azurerm_virtual_network.demo"
          ]
        }
      ]
    },
    {
      "mode": "managed",
      "type": "azurerm_network_interface",
      "name": "demo-instance-2",
      "provider": "provider[\"registry.terraform.io/hashicorp/azurerm\"]",
      "instances": [
        {
          "schema_version": 0,
          "attributes": {
            "applied_dns_servers": [],
            "dns_servers": [],
            "edge_zone": "",
            "enable_accelerated_networking": false,
            "enable_ip_forwarding": false,
            "id": "/subscriptions/80beae50-8fde-4c7e-9fe0-d328d4b6b84d/resourceGroups/network-security-group-demo/providers/Microsoft.Network/networkInterfaces/demo-instance2-nic",
            "internal_dns_name_label": "",
            "internal_domain_name_suffix": "hoz2w0pj54lutkcpo5oy4eb24h.ax.internal.cloudapp.net",
            "ip_configuration": [
              {
                "gateway_load_balancer_frontend_ip_configuration_id": "",
                "name": "instance2",
                "primary": true,
                "private_ip_address": "10.0.0.5",
                "private_ip_address_allocation": "Dynamic",
                "private_ip_address_version": "IPv4",
                "public_ip_address_id": "",
                "subnet_id": "/subscriptions/80beae50-8fde-4c7e-9fe0-d328d4b6b84d/resourceGroups/network-security-group-demo/providers/Microsoft.Network/virtualNetworks/demo-network/subnets/demo-internal-1"
              }
            ],
            "location": "westeurope",
            "mac_address": "60-45-BD-89-2F-5B",
            "name": "demo-instance2-nic",
            "private_ip_address": "10.0.0.5",
            "private_ip_addresses": [
              "10.0.0.5"
            ],
            "resource_group_name": "network-security-group-demo",
            "tags": {},
            "timeouts": null,
            "virtual_machine_id": "/subscriptions/80beae50-8fde-4c7e-9fe0-d328d4b6b84d/resourceGroups/network-security-group-demo/providers/Microsoft.Compute/virtualMachines/demo-instance2"
          },
          "sensitive_attributes": [],
          "private": "eyJlMmJmYjczMC1lY2FhLTExZTYtOGY4OC0zNDM2M2JjN2M0YzAiOnsiY3JlYXRlIjoxODAwMDAwMDAwMDAwLCJkZWxldGUiOjE4MDAwMDAwMDAwMDAsInJlYWQiOjMwMDAwMDAwMDAwMCwidXBkYXRlIjoxODAwMDAwMDAwMDAwfX0=",
          "dependencies": [
            "azurerm_resource_group.demo",
            "azurerm_subnet.demo-internal-1",
            "azurerm_virtual_network.demo"
          ]
        }
      ]
    },
    {
      "mode": "managed",
      "type": "azurerm_network_interface_application_security_group_association",
      "name": "demo-instance-group",
      "provider": "provider[\"registry.terraform.io/hashicorp/azurerm\"]",
      "instances": [
        {
          "schema_version": 1,
          "attributes": {
            "application_security_group_id": "/subscriptions/80beae50-8fde-4c7e-9fe0-d328d4b6b84d/resourceGroups/network-security-group-demo/providers/Microsoft.Network/applicationSecurityGroups/internet-facing",
            "id": "/subscriptions/80beae50-8fde-4c7e-9fe0-d328d4b6b84d/resourceGroups/network-security-group-demo/providers/Microsoft.Network/networkInterfaces/demo-instance1-nic|/subscriptions/80beae50-8fde-4c7e-9fe0-d328d4b6b84d/resourceGroups/network-security-group-demo/providers/Microsoft.Network/applicationSecurityGroups/internet-facing",
            "network_interface_id": "/subscriptions/80beae50-8fde-4c7e-9fe0-d328d4b6b84d/resourceGroups/network-security-group-demo/providers/Microsoft.Network/networkInterfaces/demo-instance1-nic",
            "timeouts": null
          },
          "sensitive_attributes": [],
          "private": "eyJlMmJmYjczMC1lY2FhLTExZTYtOGY4OC0zNDM2M2JjN2M0YzAiOnsiY3JlYXRlIjoxODAwMDAwMDAwMDAwLCJkZWxldGUiOjE4MDAwMDAwMDAwMDAsInJlYWQiOjMwMDAwMDAwMDAwMCwidXBkYXRlIjoxODAwMDAwMDAwMDAwfSwic2NoZW1hX3ZlcnNpb24iOiIxIn0=",
          "dependencies": [
            "azurerm_application_security_group.demo-instance-group",
            "azurerm_network_interface.demo-instance-1",
            "azurerm_public_ip.demo-instance-1",
            "azurerm_resource_group.demo",
            "azurerm_subnet.demo-internal-1",
            "azurerm_virtual_network.demo"
          ]
        }
      ]
    },
    {
      "mode": "managed",
      "type": "azurerm_network_interface_security_group_association",
      "name": "demo-instance-1",
      "provider": "provider[\"registry.terraform.io/hashicorp/azurerm\"]",
      "instances": [
        {
          "schema_version": 0,
          "attributes": {
            "id": "/subscriptions/80beae50-8fde-4c7e-9fe0-d328d4b6b84d/resourceGroups/network-security-group-demo/providers/Microsoft.Network/networkInterfaces/demo-instance1-nic|/subscriptions/80beae50-8fde-4c7e-9fe0-d328d4b6b84d/resourceGroups/network-security-group-demo/providers/Microsoft.Network/networkSecurityGroups/demo-allow-ssh",
            "network_interface_id": "/subscriptions/80beae50-8fde-4c7e-9fe0-d328d4b6b84d/resourceGroups/network-security-group-demo/providers/Microsoft.Network/networkInterfaces/demo-instance1-nic",
            "network_security_group_id": "/subscriptions/80beae50-8fde-4c7e-9fe0-d328d4b6b84d/resourceGroups/network-security-group-demo/providers/Microsoft.Network/networkSecurityGroups/demo-allow-ssh",
            "timeouts": null
          },
          "sensitive_attributes": [],
          "private": "eyJlMmJmYjczMC1lY2FhLTExZTYtOGY4OC0zNDM2M2JjN2M0YzAiOnsiY3JlYXRlIjoxODAwMDAwMDAwMDAwLCJkZWxldGUiOjE4MDAwMDAwMDAwMDAsInJlYWQiOjMwMDAwMDAwMDAwMCwidXBkYXRlIjoxODAwMDAwMDAwMDAwfX0=",
          "dependencies": [
            "azurerm_network_interface.demo-instance-1",
            "azurerm_network_security_group.allow-ssh",
            "azurerm_public_ip.demo-instance-1",
            "azurerm_resource_group.demo",
            "azurerm_subnet.demo-internal-1",
            "azurerm_virtual_network.demo"
          ]
        }
      ]
    },
    {
      "mode": "managed",
      "type": "azurerm_network_interface_security_group_association",
      "name": "demo-instance-2",
      "provider": "provider[\"registry.terraform.io/hashicorp/azurerm\"]",
      "instances": [
        {
          "schema_version": 0,
          "attributes": {
            "id": "/subscriptions/80beae50-8fde-4c7e-9fe0-d328d4b6b84d/resourceGroups/network-security-group-demo/providers/Microsoft.Network/networkInterfaces/demo-instance2-nic|/subscriptions/80beae50-8fde-4c7e-9fe0-d328d4b6b84d/resourceGroups/network-security-group-demo/providers/Microsoft.Network/networkSecurityGroups/demo-internal-facing",
            "network_interface_id": "/subscriptions/80beae50-8fde-4c7e-9fe0-d328d4b6b84d/resourceGroups/network-security-group-demo/providers/Microsoft.Network/networkInterfaces/demo-instance2-nic",
            "network_security_group_id": "/subscriptions/80beae50-8fde-4c7e-9fe0-d328d4b6b84d/resourceGroups/network-security-group-demo/providers/Microsoft.Network/networkSecurityGroups/demo-internal-facing",
            "timeouts": null
          },
          "sensitive_attributes": [],
          "private": "eyJlMmJmYjczMC1lY2FhLTExZTYtOGY4OC0zNDM2M2JjN2M0YzAiOnsiY3JlYXRlIjoxODAwMDAwMDAwMDAwLCJkZWxldGUiOjE4MDAwMDAwMDAwMDAsInJlYWQiOjMwMDAwMDAwMDAwMCwidXBkYXRlIjoxODAwMDAwMDAwMDAwfX0=",
          "dependencies": [
            "azurerm_application_security_group.demo-instance-group",
            "azurerm_network_interface.demo-instance-2",
            "azurerm_network_security_group.internal-facing",
            "azurerm_resource_group.demo"
          ]
        }
      ]
    },
    {
      "mode": "managed",
      "type": "azurerm_network_security_group",
      "name": "allow-ssh",
      "provider": "provider[\"registry.terraform.io/hashicorp/azurerm\"]",
      "instances": [
        {
          "schema_version": 0,
          "attributes": {
            "id": "/subscriptions/80beae50-8fde-4c7e-9fe0-d328d4b6b84d/resourceGroups/network-security-group-demo/providers/Microsoft.Network/networkSecurityGroups/demo-allow-ssh",
            "location": "westeurope",
            "name": "demo-allow-ssh",
            "resource_group_name": "network-security-group-demo",
            "security_rule": [
              {
                "access": "Allow",
                "description": "Allow SSH from a single PIP",
                "destination_address_prefix": "*",
                "destination_address_prefixes": [],
                "destination_application_security_group_ids": [],
                "destination_port_range": "22",
                "destination_port_ranges": [],
                "direction": "Inbound",
                "name": "Allow-SSH",
                "priority": 1001,
                "protocol": "Tcp",
                "source_address_prefix": "79.148.156.201/32",
                "source_address_prefixes": [],
                "source_application_security_group_ids": [],
                "source_port_range": "*",
                "source_port_ranges": []
              }
            ],
            "tags": {},
            "timeouts": null
          },
          "sensitive_attributes": [],
          "private": "eyJlMmJmYjczMC1lY2FhLTExZTYtOGY4OC0zNDM2M2JjN2M0YzAiOnsiY3JlYXRlIjoxODAwMDAwMDAwMDAwLCJkZWxldGUiOjE4MDAwMDAwMDAwMDAsInJlYWQiOjMwMDAwMDAwMDAwMCwidXBkYXRlIjoxODAwMDAwMDAwMDAwfX0=",
          "dependencies": [
            "azurerm_resource_group.demo"
          ]
        }
      ]
    },
    {
      "mode": "managed",
      "type": "azurerm_network_security_group",
      "name": "internal-facing",
      "provider": "provider[\"registry.terraform.io/hashicorp/azurerm\"]",
      "instances": [
        {
          "schema_version": 0,
          "attributes": {
            "id": "/subscriptions/80beae50-8fde-4c7e-9fe0-d328d4b6b84d/resourceGroups/network-security-group-demo/providers/Microsoft.Network/networkSecurityGroups/demo-internal-facing",
            "location": "westeurope",
            "name": "demo-internal-facing",
            "resource_group_name": "network-security-group-demo",
            "security_rule": [
              {
                "access": "Allow",
                "description": "Allow port 80 from Application Group",
                "destination_address_prefix": "*",
                "destination_address_prefixes": [],
                "destination_application_security_group_ids": [],
                "destination_port_range": "80",
                "destination_port_ranges": [],
                "direction": "Inbound",
                "name": "test-rule-allow",
                "priority": 1001,
                "protocol": "Tcp",
                "source_address_prefix": "",
                "source_address_prefixes": [],
                "source_application_security_group_ids": [
                  "/subscriptions/80beae50-8fde-4c7e-9fe0-d328d4b6b84d/resourceGroups/network-security-group-demo/providers/Microsoft.Network/applicationSecurityGroups/internet-facing"
                ],
                "source_port_range": "*",
                "source_port_ranges": []
              },
              {
                "access": "Deny",
                "description": "Deny all traffic",
                "destination_address_prefix": "*",
                "destination_address_prefixes": [],
                "destination_application_security_group_ids": [],
                "destination_port_range": "*",
                "destination_port_ranges": [],
                "direction": "Inbound",
                "name": "test-rule-deny",
                "priority": 1002,
                "protocol": "Tcp",
                "source_address_prefix": "*",
                "source_address_prefixes": [],
                "source_application_security_group_ids": [],
                "source_port_range": "*",
                "source_port_ranges": []
              }
            ],
            "tags": null,
            "timeouts": null
          },
          "sensitive_attributes": [],
          "private": "eyJlMmJmYjczMC1lY2FhLTExZTYtOGY4OC0zNDM2M2JjN2M0YzAiOnsiY3JlYXRlIjoxODAwMDAwMDAwMDAwLCJkZWxldGUiOjE4MDAwMDAwMDAwMDAsInJlYWQiOjMwMDAwMDAwMDAwMCwidXBkYXRlIjoxODAwMDAwMDAwMDAwfX0=",
          "dependencies": [
            "azurerm_application_security_group.demo-instance-group",
            "azurerm_resource_group.demo"
          ]
        }
      ]
    },
    {
      "mode": "managed",
      "type": "azurerm_public_ip",
      "name": "demo-instance-1",
      "provider": "provider[\"registry.terraform.io/hashicorp/azurerm\"]",
      "instances": [
        {
          "schema_version": 0,
          "attributes": {
            "allocation_method": "Dynamic",
            "domain_name_label": null,
            "edge_zone": "",
            "fqdn": null,
            "id": "/subscriptions/80beae50-8fde-4c7e-9fe0-d328d4b6b84d/resourceGroups/network-security-group-demo/providers/Microsoft.Network/publicIPAddresses/demo-instance1-pip",
            "idle_timeout_in_minutes": 4,
            "ip_address": "104.40.204.136",
            "ip_tags": {},
            "ip_version": "IPv4",
            "location": "westeurope",
            "name": "demo-instance1-pip",
            "public_ip_prefix_id": null,
            "resource_group_name": "network-security-group-demo",
            "reverse_fqdn": null,
            "sku": "Basic",
            "sku_tier": "Regional",
            "tags": {},
            "timeouts": null,
            "zones": []
          },
          "sensitive_attributes": [],
          "private": "eyJlMmJmYjczMC1lY2FhLTExZTYtOGY4OC0zNDM2M2JjN2M0YzAiOnsiY3JlYXRlIjoxODAwMDAwMDAwMDAwLCJkZWxldGUiOjE4MDAwMDAwMDAwMDAsInJlYWQiOjMwMDAwMDAwMDAwMCwidXBkYXRlIjoxODAwMDAwMDAwMDAwfX0=",
          "dependencies": [
            "azurerm_resource_group.demo"
          ]
        }
      ]
    },
    {
      "mode": "managed",
      "type": "azurerm_resource_group",
      "name": "demo",
      "provider": "provider[\"registry.terraform.io/hashicorp/azurerm\"]",
      "instances": [
        {
          "schema_version": 0,
          "attributes": {
            "id": "/subscriptions/80beae50-8fde-4c7e-9fe0-d328d4b6b84d/resourceGroups/network-security-group-demo",
            "location": "westeurope",
            "name": "network-security-group-demo",
            "tags": {
              "env": "demo"
            },
            "timeouts": null
          },
          "sensitive_attributes": [],
          "private": "eyJlMmJmYjczMC1lY2FhLTExZTYtOGY4OC0zNDM2M2JjN2M0YzAiOnsiY3JlYXRlIjo1NDAwMDAwMDAwMDAwLCJkZWxldGUiOjU0MDAwMDAwMDAwMDAsInJlYWQiOjMwMDAwMDAwMDAwMCwidXBkYXRlIjo1NDAwMDAwMDAwMDAwfX0="
        }
      ]
    },
    {
      "mode": "managed",
      "type": "azurerm_subnet",
      "name": "demo-internal-1",
      "provider": "provider[\"registry.terraform.io/hashicorp/azurerm\"]",
      "instances": [
        {
          "schema_version": 0,
          "attributes": {
            "address_prefixes": [
              "10.0.0.0/24"
            ],
            "delegation": [],
            "enforce_private_link_endpoint_network_policies": false,
            "enforce_private_link_service_network_policies": false,
            "id": "/subscriptions/80beae50-8fde-4c7e-9fe0-d328d4b6b84d/resourceGroups/network-security-group-demo/providers/Microsoft.Network/virtualNetworks/demo-network/subnets/demo-internal-1",
            "name": "demo-internal-1",
            "resource_group_name": "network-security-group-demo",
            "service_endpoint_policy_ids": [],
            "service_endpoints": [],
            "timeouts": null,
            "virtual_network_name": "demo-network"
          },
          "sensitive_attributes": [],
          "private": "eyJlMmJmYjczMC1lY2FhLTExZTYtOGY4OC0zNDM2M2JjN2M0YzAiOnsiY3JlYXRlIjoxODAwMDAwMDAwMDAwLCJkZWxldGUiOjE4MDAwMDAwMDAwMDAsInJlYWQiOjMwMDAwMDAwMDAwMCwidXBkYXRlIjoxODAwMDAwMDAwMDAwfX0=",
          "dependencies": [
            "azurerm_resource_group.demo",
            "azurerm_virtual_network.demo"
          ]
        }
      ]
    },
    {
      "mode": "managed",
      "type": "azurerm_virtual_network",
      "name": "demo",
      "provider": "provider[\"registry.terraform.io/hashicorp/azurerm\"]",
      "instances": [
        {
          "schema_version": 0,
          "attributes": {
            "address_space": [
              "10.0.0.0/16"
            ],
            "bgp_community": "",
            "ddos_protection_plan": [],
            "dns_servers": [],
            "edge_zone": "",
            "flow_timeout_in_minutes": 0,
            "guid": "69cbb33b-ffe9-4997-a84f-77dd8f103cf7",
            "id": "/subscriptions/80beae50-8fde-4c7e-9fe0-d328d4b6b84d/resourceGroups/network-security-group-demo/providers/Microsoft.Network/virtualNetworks/demo-network",
            "location": "westeurope",
            "name": "demo-network",
            "resource_group_name": "network-security-group-demo",
            "subnet": [
              {
                "address_prefix": "10.0.0.0/24",
                "id": "/subscriptions/80beae50-8fde-4c7e-9fe0-d328d4b6b84d/resourceGroups/network-security-group-demo/providers/Microsoft.Network/virtualNetworks/demo-network/subnets/demo-internal-1",
                "name": "demo-internal-1",
                "security_group": ""
              }
            ],
            "tags": {},
            "timeouts": null
          },
          "sensitive_attributes": [],
          "private": "eyJlMmJmYjczMC1lY2FhLTExZTYtOGY4OC0zNDM2M2JjN2M0YzAiOnsiY3JlYXRlIjoxODAwMDAwMDAwMDAwLCJkZWxldGUiOjE4MDAwMDAwMDAwMDAsInJlYWQiOjMwMDAwMDAwMDAwMCwidXBkYXRlIjoxODAwMDAwMDAwMDAwfX0=",
          "dependencies": [
            "azurerm_resource_group.demo"
          ]
        }
      ]
    }
  ]
}
