{
  "version": 4,
  "terraform_version": "1.4.6",
  "serial": 34,
  "lineage": "f13a74ae-6ddd-bde4-3498-b77164c49607",
  "outputs": {},
  "resources": [
    {
      "mode": "managed",
      "type": "azurerm_application_gateway",
      "name": "demo",
      "provider": "provider[\"registry.terraform.io/hashicorp/azurerm\"]",
      "instances": [
        {
          "schema_version": 0,
          "attributes": {
            "authentication_certificate": [],
            "autoscale_configuration": [],
            "backend_address_pool": [
              {
                "fqdns": [],
                "id": "/subscriptions/ce9b673a-0158-4c19-9adf-d76a7f63f498/resourceGroups/rg-appgw-demo/providers/Microsoft.Network/applicationGateways/demo-appgateway/backendAddressPools/BackEndAddressPool",
                "ip_addresses": [],
                "name": "BackEndAddressPool"
              }
            ],
            "backend_http_settings": [
              {
                "affinity_cookie_name": "",
                "authentication_certificate": [],
                "connection_draining": [],
                "cookie_based_affinity": "Disabled",
                "host_name": "",
                "id": "/subscriptions/ce9b673a-0158-4c19-9adf-d76a7f63f498/resourceGroups/rg-appgw-demo/providers/Microsoft.Network/applicationGateways/demo-appgateway/backendHttpSettingsCollection/httpSetting",
                "name": "httpSetting",
                "path": "/",
                "pick_host_name_from_backend_address": false,
                "port": 80,
                "probe_id": "",
                "probe_name": "",
                "protocol": "Http",
                "request_timeout": 1,
                "trusted_root_certificate_names": []
              }
            ],
            "custom_error_configuration": [],
            "enable_http2": false,
            "fips_enabled": false,
            "firewall_policy_id": "",
            "force_firewall_policy_association": false,
            "frontend_ip_configuration": [
              {
                "id": "/subscriptions/ce9b673a-0158-4c19-9adf-d76a7f63f498/resourceGroups/rg-appgw-demo/providers/Microsoft.Network/applicationGateways/demo-appgateway/frontendIPConfigurations/webAppIP",
                "name": "webAppIP",
                "private_ip_address": "",
                "private_ip_address_allocation": "Dynamic",
                "private_link_configuration_id": "",
                "private_link_configuration_name": "",
                "public_ip_address_id": "/subscriptions/ce9b673a-0158-4c19-9adf-d76a7f63f498/resourceGroups/rg-appgw-demo/providers/Microsoft.Network/publicIPAddresses/demo-pip",
                "subnet_id": ""
              }
            ],
            "frontend_port": [
              {
                "id": "/subscriptions/ce9b673a-0158-4c19-9adf-d76a7f63f498/resourceGroups/rg-appgw-demo/providers/Microsoft.Network/applicationGateways/demo-appgateway/frontendPorts/webAppPort",
                "name": "webAppPort",
                "port": 80
              }
            ],
            "gateway_ip_configuration": [
              {
                "id": "/subscriptions/ce9b673a-0158-4c19-9adf-d76a7f63f498/resourceGroups/rg-appgw-demo/providers/Microsoft.Network/applicationGateways/demo-appgateway/gatewayIPConfigurations/gateway-ip-config",
                "name": "gateway-ip-config",
                "subnet_id": "/subscriptions/ce9b673a-0158-4c19-9adf-d76a7f63f498/resourceGroups/rg-appgw-demo/providers/Microsoft.Network/virtualNetworks/demo-network/subnets/demo-subnet-1"
              }
            ],
            "global": [],
            "http_listener": [
              {
                "custom_error_configuration": [],
                "firewall_policy_id": "",
                "frontend_ip_configuration_id": "/subscriptions/ce9b673a-0158-4c19-9adf-d76a7f63f498/resourceGroups/rg-appgw-demo/providers/Microsoft.Network/applicationGateways/demo-appgateway/frontendIPConfigurations/webAppIP",
                "frontend_ip_configuration_name": "webAppIP",
                "frontend_port_id": "/subscriptions/ce9b673a-0158-4c19-9adf-d76a7f63f498/resourceGroups/rg-appgw-demo/providers/Microsoft.Network/applicationGateways/demo-appgateway/frontendPorts/webAppPort",
                "frontend_port_name": "webAppPort",
                "host_name": "",
                "host_names": [],
                "id": "/subscriptions/ce9b673a-0158-4c19-9adf-d76a7f63f498/resourceGroups/rg-appgw-demo/providers/Microsoft.Network/applicationGateways/demo-appgateway/httpListeners/httpListener",
                "name": "httpListener",
                "protocol": "Http",
                "require_sni": false,
                "ssl_certificate_id": "",
                "ssl_certificate_name": "",
                "ssl_profile_id": "",
                "ssl_profile_name": ""
              }
            ],
            "id": "/subscriptions/ce9b673a-0158-4c19-9adf-d76a7f63f498/resourceGroups/rg-appgw-demo/providers/Microsoft.Network/applicationGateways/demo-appgateway",
            "identity": [],
            "location": "eastus",
            "name": "demo-appgateway",
            "private_endpoint_connection": [],
            "private_link_configuration": [],
            "probe": [],
            "redirect_configuration": [],
            "request_routing_rule": [
              {
                "backend_address_pool_id": "/subscriptions/ce9b673a-0158-4c19-9adf-d76a7f63f498/resourceGroups/rg-appgw-demo/providers/Microsoft.Network/applicationGateways/demo-appgateway/backendAddressPools/BackEndAddressPool",
                "backend_address_pool_name": "BackEndAddressPool",
                "backend_http_settings_id": "/subscriptions/ce9b673a-0158-4c19-9adf-d76a7f63f498/resourceGroups/rg-appgw-demo/providers/Microsoft.Network/applicationGateways/demo-appgateway/backendHttpSettingsCollection/httpSetting",
                "backend_http_settings_name": "httpSetting",
                "http_listener_id": "/subscriptions/ce9b673a-0158-4c19-9adf-d76a7f63f498/resourceGroups/rg-appgw-demo/providers/Microsoft.Network/applicationGateways/demo-appgateway/httpListeners/httpListener",
                "http_listener_name": "httpListener",
                "id": "/subscriptions/ce9b673a-0158-4c19-9adf-d76a7f63f498/resourceGroups/rg-appgw-demo/providers/Microsoft.Network/applicationGateways/demo-appgateway/requestRoutingRules/httpRoutingRule",
                "name": "httpRoutingRule",
                "priority": 0,
                "redirect_configuration_id": "",
                "redirect_configuration_name": "",
                "rewrite_rule_set_id": "",
                "rewrite_rule_set_name": "",
                "rule_type": "Basic",
                "url_path_map_id": "",
                "url_path_map_name": ""
              }
            ],
            "resource_group_name": "rg-appgw-demo",
            "rewrite_rule_set": [],
            "sku": [
              {
                "capacity": 2,
                "name": "Standard_Small",
                "tier": "Standard"
              }
            ],
            "ssl_certificate": [],
            "ssl_policy": [
              {
                "cipher_suites": [],
                "disabled_protocols": [],
                "min_protocol_version": "",
                "policy_name": "AppGwSslPolicy20150501",
                "policy_type": "Predefined"
              }
            ],
            "ssl_profile": [],
            "tags": {},
            "timeouts": null,
            "trusted_client_certificate": [],
            "trusted_root_certificate": [],
            "url_path_map": [],
            "waf_configuration": [],
            "zones": []
          },
          "sensitive_attributes": [],
          "private": "eyJlMmJmYjczMC1lY2FhLTExZTYtOGY4OC0zNDM2M2JjN2M0YzAiOnsiY3JlYXRlIjo1NDAwMDAwMDAwMDAwLCJkZWxldGUiOjU0MDAwMDAwMDAwMDAsInJlYWQiOjMwMDAwMDAwMDAwMCwidXBkYXRlIjo1NDAwMDAwMDAwMDAwfX0=",
          "dependencies": [
            "azurerm_public_ip.demo",
            "azurerm_resource_group.demo",
            "azurerm_subnet.demo-subnet-1"
          ]
        }
      ]
    },
    {
      "mode": "managed",
      "type": "azurerm_network_security_group",
      "name": "demo-instance",
      "provider": "provider[\"registry.terraform.io/hashicorp/azurerm\"]",
      "instances": [
        {
          "schema_version": 0,
          "attributes": {
            "id": "/subscriptions/ce9b673a-0158-4c19-9adf-d76a7f63f498/resourceGroups/rg-appgw-demo/providers/Microsoft.Network/networkSecurityGroups/demo-allow-ssh",
            "location": "eastus",
            "name": "demo-allow-ssh",
            "resource_group_name": "rg-appgw-demo",
            "security_rule": [
              {
                "access": "Allow",
                "description": "",
                "destination_address_prefix": "*",
                "destination_address_prefixes": [],
                "destination_application_security_group_ids": [],
                "destination_port_range": "22",
                "destination_port_ranges": [],
                "direction": "Inbound",
                "name": "SSH",
                "priority": 1002,
                "protocol": "Tcp",
                "source_address_prefix": "*",
                "source_address_prefixes": [],
                "source_application_security_group_ids": [],
                "source_port_range": "*",
                "source_port_ranges": []
              },
              {
                "access": "Allow",
                "description": null,
                "destination_address_prefix": "*",
                "destination_address_prefixes": [],
                "destination_application_security_group_ids": [],
                "destination_port_range": "80",
                "destination_port_ranges": [],
                "direction": "Inbound",
                "name": "HTTP",
                "priority": 1001,
                "protocol": "Tcp",
                "source_address_prefix": "*",
                "source_address_prefixes": [],
                "source_application_security_group_ids": [],
                "source_port_range": "*",
                "source_port_ranges": []
              }
            ],
            "tags": {},
            "timeouts": null
          },
          "sensitive_attributes": [],
          "private": "eyJlMmJmYjczMC1lY2FhLTExZTYtOGY4OC0zNDM2M2JjN2M0YzAiOnsiY3JlYXRlIjoxODAwMDAwMDAwMDAwLCJkZWxldGUiOjE4MDAwMDAwMDAwMDAsInJlYWQiOjMwMDAwMDAwMDAwMCwidXBkYXRlIjoxODAwMDAwMDAwMDAwfX0=",
          "dependencies": [
            "azurerm_resource_group.demo"
          ]
        }
      ]
    },
    {
      "mode": "managed",
      "type": "azurerm_public_ip",
      "name": "demo",
      "provider": "provider[\"registry.terraform.io/hashicorp/azurerm\"]",
      "instances": [
        {
          "schema_version": 0,
          "attributes": {
            "allocation_method": "Dynamic",
            "ddos_protection_mode": "VirtualNetworkInherited",
            "ddos_protection_plan_id": null,
            "domain_name_label": "",
            "edge_zone": "",
            "fqdn": "dwiappgw01.eastus.cloudapp.azure.com",
            "id": "/subscriptions/ce9b673a-0158-4c19-9adf-d76a7f63f498/resourceGroups/rg-appgw-demo/providers/Microsoft.Network/publicIPAddresses/demo-pip",
            "idle_timeout_in_minutes": 4,
            "ip_address": "",
            "ip_tags": {},
            "ip_version": "IPv4",
            "location": "eastus",
            "name": "demo-pip",
            "public_ip_prefix_id": null,
            "resource_group_name": "rg-appgw-demo",
            "reverse_fqdn": "",
            "sku": "Basic",
            "sku_tier": "Regional",
            "tags": {},
            "timeouts": null,
            "zones": []
          },
          "sensitive_attributes": [],
          "private": "eyJlMmJmYjczMC1lY2FhLTExZTYtOGY4OC0zNDM2M2JjN2M0YzAiOnsiY3JlYXRlIjoxODAwMDAwMDAwMDAwLCJkZWxldGUiOjE4MDAwMDAwMDAwMDAsInJlYWQiOjMwMDAwMDAwMDAwMCwidXBkYXRlIjoxODAwMDAwMDAwMDAwfX0=",
          "dependencies": [
            "azurerm_resource_group.demo"
          ]
        }
      ]
    },
    {
      "mode": "managed",
      "type": "azurerm_resource_group",
      "name": "demo",
      "provider": "provider[\"registry.terraform.io/hashicorp/azurerm\"]",
      "instances": [
        {
          "schema_version": 0,
          "attributes": {
            "id": "/subscriptions/ce9b673a-0158-4c19-9adf-d76a7f63f498/resourceGroups/rg-appgw-demo",
            "location": "eastus",
            "name": "rg-appgw-demo",
            "tags": {},
            "timeouts": null
          },
          "sensitive_attributes": [],
          "private": "eyJlMmJmYjczMC1lY2FhLTExZTYtOGY4OC0zNDM2M2JjN2M0YzAiOnsiY3JlYXRlIjo1NDAwMDAwMDAwMDAwLCJkZWxldGUiOjU0MDAwMDAwMDAwMDAsInJlYWQiOjMwMDAwMDAwMDAwMCwidXBkYXRlIjo1NDAwMDAwMDAwMDAwfX0="
        }
      ]
    },
    {
      "mode": "managed",
      "type": "azurerm_subnet",
      "name": "demo-subnet-1",
      "provider": "provider[\"registry.terraform.io/hashicorp/azurerm\"]",
      "instances": [
        {
          "schema_version": 0,
          "attributes": {
            "address_prefixes": [
              "10.0.0.0/24"
            ],
            "delegation": [],
            "enforce_private_link_endpoint_network_policies": false,
            "enforce_private_link_service_network_policies": false,
            "id": "/subscriptions/ce9b673a-0158-4c19-9adf-d76a7f63f498/resourceGroups/rg-appgw-demo/providers/Microsoft.Network/virtualNetworks/demo-network/subnets/demo-subnet-1",
            "name": "demo-subnet-1",
            "private_endpoint_network_policies_enabled": true,
            "private_link_service_network_policies_enabled": true,
            "resource_group_name": "rg-appgw-demo",
            "service_endpoint_policy_ids": [],
            "service_endpoints": [],
            "timeouts": null,
            "virtual_network_name": "demo-network"
          },
          "sensitive_attributes": [],
          "private": "eyJlMmJmYjczMC1lY2FhLTExZTYtOGY4OC0zNDM2M2JjN2M0YzAiOnsiY3JlYXRlIjoxODAwMDAwMDAwMDAwLCJkZWxldGUiOjE4MDAwMDAwMDAwMDAsInJlYWQiOjMwMDAwMDAwMDAwMCwidXBkYXRlIjoxODAwMDAwMDAwMDAwfX0=",
          "dependencies": [
            "azurerm_resource_group.demo",
            "azurerm_virtual_network.demo"
          ]
        }
      ]
    },
    {
      "mode": "managed",
      "type": "azurerm_subnet",
      "name": "demo-subnet-2",
      "provider": "provider[\"registry.terraform.io/hashicorp/azurerm\"]",
      "instances": [
        {
          "schema_version": 0,
          "attributes": {
            "address_prefixes": [
              "10.0.2.0/24"
            ],
            "delegation": [],
            "enforce_private_link_endpoint_network_policies": false,
            "enforce_private_link_service_network_policies": false,
            "id": "/subscriptions/ce9b673a-0158-4c19-9adf-d76a7f63f498/resourceGroups/rg-appgw-demo/providers/Microsoft.Network/virtualNetworks/demo-network/subnets/demo-subnet-2",
            "name": "demo-subnet-2",
            "private_endpoint_network_policies_enabled": true,
            "private_link_service_network_policies_enabled": true,
            "resource_group_name": "rg-appgw-demo",
            "service_endpoint_policy_ids": [],
            "service_endpoints": [],
            "timeouts": null,
            "virtual_network_name": "demo-network"
          },
          "sensitive_attributes": [],
          "private": "eyJlMmJmYjczMC1lY2FhLTExZTYtOGY4OC0zNDM2M2JjN2M0YzAiOnsiY3JlYXRlIjoxODAwMDAwMDAwMDAwLCJkZWxldGUiOjE4MDAwMDAwMDAwMDAsInJlYWQiOjMwMDAwMDAwMDAwMCwidXBkYXRlIjoxODAwMDAwMDAwMDAwfX0=",
          "dependencies": [
            "azurerm_resource_group.demo",
            "azurerm_virtual_network.demo"
          ]
        }
      ]
    },
    {
      "mode": "managed",
      "type": "azurerm_virtual_machine_scale_set",
      "name": "demo",
      "provider": "provider[\"registry.terraform.io/hashicorp/azurerm\"]",
      "instances": [
        {
          "schema_version": 1,
          "attributes": {
            "automatic_os_upgrade": false,
            "boot_diagnostics": [],
            "eviction_policy": "",
            "extension": [
              {
                "auto_upgrade_minor_version": null,
                "name": "InstallCustomScript",
                "protected_settings": "",
                "provision_after_extensions": [],
                "publisher": "Microsoft.Azure.Extensions",
                "settings": "{\"commandToExecute\":\"sh install_nginx.sh\",\"fileUris\":[\"https://raw.githubusercontent.com/wasytb72/General/master/install_nginx.sh\"]}",
                "type": "CustomScript",
                "type_handler_version": "2.1"
              }
            ],
            "health_probe_id": null,
            "id": "/subscriptions/ce9b673a-0158-4c19-9adf-d76a7f63f498/resourceGroups/rg-appgw-demo/providers/Microsoft.Compute/virtualMachineScaleSets/my-test-scaleset1",
            "identity": [],
            "license_type": "",
            "location": "eastus",
            "name": "my-test-scaleset1",
            "network_profile": [
              {
                "accelerated_networking": false,
                "dns_settings": [
                  {
                    "dns_servers": []
                  }
                ],
                "ip_configuration": [
                  {
                    "application_gateway_backend_address_pool_ids": [
                      "/subscriptions/ce9b673a-0158-4c19-9adf-d76a7f63f498/resourceGroups/rg-appgw-demo/providers/Microsoft.Network/applicationGateways/demo-appgateway/backendAddressPools/BackEndAddressPool"
                    ],
                    "application_security_group_ids": [],
                    "load_balancer_backend_address_pool_ids": [],
                    "load_balancer_inbound_nat_rules_ids": [],
                    "name": "IPConfiguration",
                    "primary": true,
                    "public_ip_address_configuration": [],
                    "subnet_id": "/subscriptions/ce9b673a-0158-4c19-9adf-d76a7f63f498/resourceGroups/rg-appgw-demo/providers/Microsoft.Network/virtualNetworks/demo-network/subnets/demo-subnet-2"
                  }
                ],
                "ip_forwarding": false,
                "name": "networkprofile",
                "network_security_group_id": "/subscriptions/ce9b673a-0158-4c19-9adf-d76a7f63f498/resourceGroups/rg-appgw-demo/providers/Microsoft.Network/networkSecurityGroups/demo-allow-ssh",
                "primary": true
              }
            ],
            "os_profile": [
              {
                "admin_password": "",
                "admin_username": "demo",
                "computer_name_prefix": "demo",
                "custom_data": ""
              }
            ],
            "os_profile_linux_config": [
              {
                "disable_password_authentication": true,
                "ssh_keys": [
                  {
                    "key_data": "ssh-rsa AAAAB3NzaC1yc2EAAAADAQABAAABgQDIuHBnRto4A6yhVwz94RWgrwhyrF5ptYuoEqBd1L2UTL0YL3njcTfxf1fdlzCvF/jX1ehV6dVmhAUUiJRbRqGTcTF8ndT4H9uDIRnf/hkPvmD16wjgcDSnDQ95dyRComMcWRawdqHd1/wZ51CnvtP007shaZoZDai7Q/b7EFVtk7c8jMtajxg+FUq2tz0sQ3PG1Boz99TPM96peaf60ZqAWaXLuI97OUySdtmRqJb0Yeeyg8vIuy6P/HVLeBbtvihS9yUGqfv0Y4e3mwBrniqJJ407moBl0ozqWjWI+HA4S1EggDqkEQd0P/ymO2X43JXDuXiD+kR6MBz2036fUkhDjv5bJl3VkeUffELaRmAK1LHNqyjMyu6DNgEMeZtSx7erOTGSnwfVbtJcmt/4nYKRo4ofhkrXHU1bwegyHpCWWcWXrnFyRn5bDKIn5P3C425fHuXZAMlyOT/40Y4J+nOToGLeB8+KhoXEY6SY7r5CTmOQPz+UyunJLl2cdN7b+Gc= wasytb@DESKTOP-3M9N6H3\n",
                    "path": "/home/demo/.ssh/authorized_keys"
                  }
                ]
              }
            ],
            "os_profile_secrets": [],
            "os_profile_windows_config": [],
            "overprovision": true,
            "plan": [],
            "priority": "",
            "proximity_placement_group_id": null,
            "resource_group_name": "rg-appgw-demo",
            "rolling_upgrade_policy": [],
            "single_placement_group": true,
            "sku": [
              {
                "capacity": 2,
                "name": "Standard_A1_v2",
                "tier": "Standard"
              }
            ],
            "storage_profile_data_disk": [
              {
                "caching": "ReadWrite",
                "create_option": "Empty",
                "disk_size_gb": 10,
                "lun": 0,
                "managed_disk_type": "Standard_LRS"
              }
            ],
            "storage_profile_image_reference": [
              {
                "id": "",
                "offer": "UbuntuServer",
                "publisher": "Canonical",
                "sku": "18.04-LTS",
                "version": "latest"
              }
            ],
            "storage_profile_os_disk": [
              {
                "caching": "ReadWrite",
                "create_option": "FromImage",
                "image": "",
                "managed_disk_type": "Standard_LRS",
                "name": "",
                "os_type": "Linux",
                "vhd_containers": []
              }
            ],
            "tags": {},
            "timeouts": null,
            "upgrade_policy_mode": "Manual",
            "zones": []
          },
          "sensitive_attributes": [],
          "private": "eyJlMmJmYjczMC1lY2FhLTExZTYtOGY4OC0zNDM2M2JjN2M0YzAiOnsiY3JlYXRlIjozNjAwMDAwMDAwMDAwLCJkZWxldGUiOjM2MDAwMDAwMDAwMDAsInJlYWQiOjMwMDAwMDAwMDAwMCwidXBkYXRlIjozNjAwMDAwMDAwMDAwfSwic2NoZW1hX3ZlcnNpb24iOiIxIn0=",
          "dependencies": [
            "azurerm_application_gateway.demo",
            "azurerm_network_security_group.demo-instance",
            "azurerm_public_ip.demo",
            "azurerm_resource_group.demo",
            "azurerm_subnet.demo-subnet-1",
            "azurerm_subnet.demo-subnet-2"
          ]
        }
      ]
    },
    {
      "mode": "managed",
      "type": "azurerm_virtual_network",
      "name": "demo",
      "provider": "provider[\"registry.terraform.io/hashicorp/azurerm\"]",
      "instances": [
        {
          "schema_version": 0,
          "attributes": {
            "address_space": [
              "10.0.0.0/16"
            ],
            "bgp_community": "",
            "ddos_protection_plan": [],
            "dns_servers": [],
            "edge_zone": "",
            "flow_timeout_in_minutes": 0,
            "guid": "4ea3708d-1e98-4827-8222-c9e714edbde0",
            "id": "/subscriptions/ce9b673a-0158-4c19-9adf-d76a7f63f498/resourceGroups/rg-appgw-demo/providers/Microsoft.Network/virtualNetworks/demo-network",
            "location": "eastus",
            "name": "demo-network",
            "resource_group_name": "rg-appgw-demo",
            "subnet": [
              {
                "address_prefix": "10.0.0.0/24",
                "id": "/subscriptions/ce9b673a-0158-4c19-9adf-d76a7f63f498/resourceGroups/rg-appgw-demo/providers/Microsoft.Network/virtualNetworks/demo-network/subnets/demo-subnet-1",
                "name": "demo-subnet-1",
                "security_group": "/subscriptions/ce9b673a-0158-4c19-9adf-d76a7f63f498/resourceGroups/rg-appgw-demo/providers/Microsoft.Network/networkSecurityGroups/demo-network-demo-subnet-1-nsg-eastus"
              },
              {
                "address_prefix": "10.0.1.0/26",
                "id": "/subscriptions/ce9b673a-0158-4c19-9adf-d76a7f63f498/resourceGroups/rg-appgw-demo/providers/Microsoft.Network/virtualNetworks/demo-network/subnets/AzureBastionSubnet",
                "name": "AzureBastionSubnet",
                "security_group": "/subscriptions/ce9b673a-0158-4c19-9adf-d76a7f63f498/resourceGroups/rg-appgw-demo/providers/Microsoft.Network/networkSecurityGroups/demo-network-AzureBastionSubnet-nsg-eastus"
              },
              {
                "address_prefix": "10.0.2.0/24",
                "id": "/subscriptions/ce9b673a-0158-4c19-9adf-d76a7f63f498/resourceGroups/rg-appgw-demo/providers/Microsoft.Network/virtualNetworks/demo-network/subnets/demo-subnet-2",
                "name": "demo-subnet-2",
                "security_group": "/subscriptions/ce9b673a-0158-4c19-9adf-d76a7f63f498/resourceGroups/rg-appgw-demo/providers/Microsoft.Network/networkSecurityGroups/demo-network-demo-subnet-2-nsg-eastus"
              }
            ],
            "tags": {},
            "timeouts": null
          },
          "sensitive_attributes": [],
          "private": "eyJlMmJmYjczMC1lY2FhLTExZTYtOGY4OC0zNDM2M2JjN2M0YzAiOnsiY3JlYXRlIjoxODAwMDAwMDAwMDAwLCJkZWxldGUiOjE4MDAwMDAwMDAwMDAsInJlYWQiOjMwMDAwMDAwMDAwMCwidXBkYXRlIjoxODAwMDAwMDAwMDAwfX0=",
          "dependencies": [
            "azurerm_resource_group.demo"
          ]
        }
      ]
    }
  ],
  "check_results": null
}
