{
  "version": 4,
  "terraform_version": "1.2.6",
  "serial": 11,
  "lineage": "c5714bd3-bd2e-d9d8-857b-106c13e07bad",
  "outputs": {},
  "resources": [
    {
      "mode": "managed",
      "type": "azurerm_network_interface",
      "name": "demo-instance",
      "provider": "provider[\"registry.terraform.io/hashicorp/azurerm\"]",
      "instances": [
        {
          "schema_version": 0,
          "attributes": {
            "applied_dns_servers": [],
            "dns_servers": [],
            "edge_zone": "",
            "enable_accelerated_networking": false,
            "enable_ip_forwarding": false,
            "id": "/subscriptions/80beae50-8fde-4c7e-9fe0-d328d4b6b84d/resourceGroups/demoterraform/providers/Microsoft.Network/networkInterfaces/demo-nic",
            "internal_dns_name_label": "",
            "internal_domain_name_suffix": "2odqnvswn1tebchw3a4nfmcwga.ax.internal.cloudapp.net",
            "ip_configuration": [
              {
                "gateway_load_balancer_frontend_ip_configuration_id": "",
                "name": "instance",
                "primary": true,
                "private_ip_address": "10.0.0.4",
                "private_ip_address_allocation": "Dynamic",
                "private_ip_address_version": "IPv4",
                "public_ip_address_id": "/subscriptions/80beae50-8fde-4c7e-9fe0-d328d4b6b84d/resourceGroups/demoterraform/providers/Microsoft.Network/publicIPAddresses/demo-public-ip",
                "subnet_id": "/subscriptions/80beae50-8fde-4c7e-9fe0-d328d4b6b84d/resourceGroups/demoterraform/providers/Microsoft.Network/virtualNetworks/demo-network/subnets/var.prefix-internal-1"
              }
            ],
            "location": "westeurope",
            "mac_address": "",
            "name": "demo-nic",
            "private_ip_address": "10.0.0.4",
            "private_ip_addresses": [
              "10.0.0.4"
            ],
            "resource_group_name": "demoterraform",
            "tags": null,
            "timeouts": null,
            "virtual_machine_id": ""
          },
          "sensitive_attributes": [],
          "private": "eyJlMmJmYjczMC1lY2FhLTExZTYtOGY4OC0zNDM2M2JjN2M0YzAiOnsiY3JlYXRlIjoxODAwMDAwMDAwMDAwLCJkZWxldGUiOjE4MDAwMDAwMDAwMDAsInJlYWQiOjMwMDAwMDAwMDAwMCwidXBkYXRlIjoxODAwMDAwMDAwMDAwfX0=",
          "dependencies": [
            "azurerm_public_ip.demo-instance",
            "azurerm_resource_group.demoterraform",
            "azurerm_subnet.demo-internal-1",
            "azurerm_virtual_network.demo"
          ]
        }
      ]
    },
    {
      "mode": "managed",
      "type": "azurerm_network_security_group",
      "name": "allow-sh",
      "provider": "provider[\"registry.terraform.io/hashicorp/azurerm\"]",
      "instances": [
        {
          "schema_version": 0,
          "attributes": {
            "id": "/subscriptions/80beae50-8fde-4c7e-9fe0-d328d4b6b84d/resourceGroups/demoterraform/providers/Microsoft.Network/networkSecurityGroups/demo-allow-sh",
            "location": "westeurope",
            "name": "demo-allow-sh",
            "resource_group_name": "demoterraform",
            "security_rule": [
              {
                "access": "Allow",
                "description": "",
                "destination_address_prefix": "*",
                "destination_address_prefixes": [],
                "destination_application_security_group_ids": [],
                "destination_port_range": "22",
                "destination_port_ranges": [],
                "direction": "Inbound",
                "name": "SSH",
                "priority": 1001,
                "protocol": "Tcp",
                "source_address_prefix": "79.148.156.201",
                "source_address_prefixes": [],
                "source_application_security_group_ids": [],
                "source_port_range": "*",
                "source_port_ranges": []
              }
            ],
            "tags": {},
            "timeouts": null
          },
          "sensitive_attributes": [],
          "private": "eyJlMmJmYjczMC1lY2FhLTExZTYtOGY4OC0zNDM2M2JjN2M0YzAiOnsiY3JlYXRlIjoxODAwMDAwMDAwMDAwLCJkZWxldGUiOjE4MDAwMDAwMDAwMDAsInJlYWQiOjMwMDAwMDAwMDAwMCwidXBkYXRlIjoxODAwMDAwMDAwMDAwfX0=",
          "dependencies": [
            "azurerm_resource_group.demoterraform"
          ]
        }
      ]
    },
    {
      "mode": "managed",
      "type": "azurerm_public_ip",
      "name": "demo-instance",
      "provider": "provider[\"registry.terraform.io/hashicorp/azurerm\"]",
      "instances": [
        {
          "schema_version": 0,
          "attributes": {
            "allocation_method": "Dynamic",
            "domain_name_label": null,
            "edge_zone": "",
            "fqdn": null,
            "id": "/subscriptions/80beae50-8fde-4c7e-9fe0-d328d4b6b84d/resourceGroups/demoterraform/providers/Microsoft.Network/publicIPAddresses/demo-public-ip",
            "idle_timeout_in_minutes": 4,
            "ip_address": "",
            "ip_tags": {},
            "ip_version": "IPv4",
            "location": "westeurope",
            "name": "demo-public-ip",
            "public_ip_prefix_id": null,
            "resource_group_name": "demoterraform",
            "reverse_fqdn": null,
            "sku": "Basic",
            "sku_tier": "Regional",
            "tags": {},
            "timeouts": null,
            "zones": []
          },
          "sensitive_attributes": [],
          "private": "eyJlMmJmYjczMC1lY2FhLTExZTYtOGY4OC0zNDM2M2JjN2M0YzAiOnsiY3JlYXRlIjoxODAwMDAwMDAwMDAwLCJkZWxldGUiOjE4MDAwMDAwMDAwMDAsInJlYWQiOjMwMDAwMDAwMDAwMCwidXBkYXRlIjoxODAwMDAwMDAwMDAwfX0=",
          "dependencies": [
            "azurerm_resource_group.demoterraform"
          ]
        }
      ]
    },
    {
      "mode": "managed",
      "type": "azurerm_resource_group",
      "name": "demoterraform",
      "provider": "provider[\"registry.terraform.io/hashicorp/azurerm\"]",
      "instances": [
        {
          "schema_version": 0,
          "attributes": {
            "id": "/subscriptions/80beae50-8fde-4c7e-9fe0-d328d4b6b84d/resourceGroups/demoterraform",
            "location": "westeurope",
            "name": "demoterraform",
            "tags": {},
            "timeouts": null
          },
          "sensitive_attributes": [],
          "private": "eyJlMmJmYjczMC1lY2FhLTExZTYtOGY4OC0zNDM2M2JjN2M0YzAiOnsiY3JlYXRlIjo1NDAwMDAwMDAwMDAwLCJkZWxldGUiOjU0MDAwMDAwMDAwMDAsInJlYWQiOjMwMDAwMDAwMDAwMCwidXBkYXRlIjo1NDAwMDAwMDAwMDAwfX0="
        }
      ]
    },
    {
      "mode": "managed",
      "type": "azurerm_subnet",
      "name": "demo-internal-1",
      "provider": "provider[\"registry.terraform.io/hashicorp/azurerm\"]",
      "instances": [
        {
          "schema_version": 0,
          "attributes": {
            "address_prefixes": [
              "10.0.0.0/24"
            ],
            "delegation": [],
            "enforce_private_link_endpoint_network_policies": false,
            "enforce_private_link_service_network_policies": false,
            "id": "/subscriptions/80beae50-8fde-4c7e-9fe0-d328d4b6b84d/resourceGroups/demoterraform/providers/Microsoft.Network/virtualNetworks/demo-network/subnets/var.prefix-internal-1",
            "name": "var.prefix-internal-1",
            "resource_group_name": "demoterraform",
            "service_endpoint_policy_ids": null,
            "service_endpoints": null,
            "timeouts": null,
            "virtual_network_name": "demo-network"
          },
          "sensitive_attributes": [],
          "private": "eyJlMmJmYjczMC1lY2FhLTExZTYtOGY4OC0zNDM2M2JjN2M0YzAiOnsiY3JlYXRlIjoxODAwMDAwMDAwMDAwLCJkZWxldGUiOjE4MDAwMDAwMDAwMDAsInJlYWQiOjMwMDAwMDAwMDAwMCwidXBkYXRlIjoxODAwMDAwMDAwMDAwfX0=",
          "dependencies": [
            "azurerm_resource_group.demoterraform",
            "azurerm_virtual_network.demo"
          ]
        }
      ]
    },
    {
      "mode": "managed",
      "type": "azurerm_subnet_network_security_group_association",
      "name": "demo-nsg-subnet",
      "provider": "provider[\"registry.terraform.io/hashicorp/azurerm\"]",
      "instances": [
        {
          "schema_version": 0,
          "attributes": {
            "id": "/subscriptions/80beae50-8fde-4c7e-9fe0-d328d4b6b84d/resourceGroups/demoterraform/providers/Microsoft.Network/virtualNetworks/demo-network/subnets/var.prefix-internal-1",
            "network_security_group_id": "/subscriptions/80beae50-8fde-4c7e-9fe0-d328d4b6b84d/resourceGroups/demoterraform/providers/Microsoft.Network/networkSecurityGroups/demo-allow-sh",
            "subnet_id": "/subscriptions/80beae50-8fde-4c7e-9fe0-d328d4b6b84d/resourceGroups/demoterraform/providers/Microsoft.Network/virtualNetworks/demo-network/subnets/var.prefix-internal-1",
            "timeouts": null
          },
          "sensitive_attributes": [],
          "private": "eyJlMmJmYjczMC1lY2FhLTExZTYtOGY4OC0zNDM2M2JjN2M0YzAiOnsiY3JlYXRlIjoxODAwMDAwMDAwMDAwLCJkZWxldGUiOjE4MDAwMDAwMDAwMDAsInJlYWQiOjMwMDAwMDAwMDAwMCwidXBkYXRlIjoxODAwMDAwMDAwMDAwfX0=",
          "dependencies": [
            "azurerm_network_security_group.allow-sh",
            "azurerm_resource_group.demoterraform",
            "azurerm_subnet.demo-internal-1",
            "azurerm_virtual_network.demo"
          ]
        }
      ]
    },
    {
      "mode": "managed",
      "type": "azurerm_virtual_machine",
      "name": "demo-instance",
      "provider": "provider[\"registry.terraform.io/hashicorp/azurerm\"]",
      "instances": [
        {
          "schema_version": 0,
          "attributes": {
            "additional_capabilities": [],
            "availability_set_id": null,
            "boot_diagnostics": [],
            "delete_data_disks_on_termination": true,
            "delete_os_disk_on_termination": true,
            "id": "/subscriptions/80beae50-8fde-4c7e-9fe0-d328d4b6b84d/resourceGroups/demoterraform/providers/Microsoft.Compute/virtualMachines/demo-vm",
            "identity": [],
            "license_type": null,
            "location": "westeurope",
            "name": "demo-vm",
            "network_interface_ids": [
              "/subscriptions/80beae50-8fde-4c7e-9fe0-d328d4b6b84d/resourceGroups/demoterraform/providers/Microsoft.Network/networkInterfaces/demo-nic"
            ],
            "os_profile": [
              {
                "admin_password": "",
                "admin_username": "wasytb",
                "computer_name": "demo-instance",
                "custom_data": ""
              }
            ],
            "os_profile_linux_config": [
              {
                "disable_password_authentication": true,
                "ssh_keys": [
                  {
                    "key_data": "ssh-rsa AAAAB3NzaC1yc2EAAAADAQABAAABgQDIuHBnRto4A6yhVwz94RWgrwhyrF5ptYuoEqBd1L2UTL0YL3njcTfxf1fdlzCvF/jX1ehV6dVmhAUUiJRbRqGTcTF8ndT4H9uDIRnf/hkPvmD16wjgcDSnDQ95dyRComMcWRawdqHd1/wZ51CnvtP007shaZoZDai7Q/b7EFVtk7c8jMtajxg+FUq2tz0sQ3PG1Boz99TPM96peaf60ZqAWaXLuI97OUySdtmRqJb0Yeeyg8vIuy6P/HVLeBbtvihS9yUGqfv0Y4e3mwBrniqJJ407moBl0ozqWjWI+HA4S1EggDqkEQd0P/ymO2X43JXDuXiD+kR6MBz2036fUkhDjv5bJl3VkeUffELaRmAK1LHNqyjMyu6DNgEMeZtSx7erOTGSnwfVbtJcmt/4nYKRo4ofhkrXHU1bwegyHpCWWcWXrnFyRn5bDKIn5P3C425fHuXZAMlyOT/40Y4J+nOToGLeB8+KhoXEY6SY7r5CTmOQPz+UyunJLl2cdN7b+Gc= wasytb@DESKTOP-3M9N6H3\n",
                    "path": "/home/wasytb/.ssh/authorized_keys"
                  }
                ]
              }
            ],
            "os_profile_secrets": [],
            "os_profile_windows_config": [],
            "plan": [],
            "primary_network_interface_id": null,
            "proximity_placement_group_id": null,
            "resource_group_name": "demoterraform",
            "storage_data_disk": [],
            "storage_image_reference": [
              {
                "id": "",
                "offer": "UbuntuServer",
                "publisher": "Canonical",
                "sku": "16.04-LTS",
                "version": "latest"
              }
            ],
            "storage_os_disk": [
              {
                "caching": "ReadWrite",
                "create_option": "FromImage",
                "disk_size_gb": 30,
                "image_uri": "",
                "managed_disk_id": "/subscriptions/80beae50-8fde-4c7e-9fe0-d328d4b6b84d/resourceGroups/demoterraform/providers/Microsoft.Compute/disks/myosdisk",
                "managed_disk_type": "Standard_LRS",
                "name": "myosdisk",
                "os_type": "Linux",
                "vhd_uri": "",
                "write_accelerator_enabled": false
              }
            ],
            "tags": null,
            "timeouts": null,
            "vm_size": "Standard_A1_v2",
            "zones": null
          },
          "sensitive_attributes": [],
          "private": "eyJlMmJmYjczMC1lY2FhLTExZTYtOGY4OC0zNDM2M2JjN2M0YzAiOnsiY3JlYXRlIjozNjAwMDAwMDAwMDAwLCJkZWxldGUiOjM2MDAwMDAwMDAwMDAsInJlYWQiOjMwMDAwMDAwMDAwMCwidXBkYXRlIjozNjAwMDAwMDAwMDAwfX0=",
          "dependencies": [
            "azurerm_network_interface.demo-instance",
            "azurerm_public_ip.demo-instance",
            "azurerm_resource_group.demoterraform",
            "azurerm_subnet.demo-internal-1",
            "azurerm_virtual_network.demo"
          ]
        }
      ]
    },
    {
      "mode": "managed",
      "type": "azurerm_virtual_network",
      "name": "demo",
      "provider": "provider[\"registry.terraform.io/hashicorp/azurerm\"]",
      "instances": [
        {
          "schema_version": 0,
          "attributes": {
            "address_space": [
              "10.0.0.0/16"
            ],
            "bgp_community": "",
            "ddos_protection_plan": [],
            "dns_servers": [],
            "edge_zone": "",
            "flow_timeout_in_minutes": 0,
            "guid": "d60687e3-6e56-40e6-88f6-e83cd2b05630",
            "id": "/subscriptions/80beae50-8fde-4c7e-9fe0-d328d4b6b84d/resourceGroups/demoterraform/providers/Microsoft.Network/virtualNetworks/demo-network",
            "location": "westeurope",
            "name": "demo-network",
            "resource_group_name": "demoterraform",
            "subnet": [],
            "tags": {},
            "timeouts": null
          },
          "sensitive_attributes": [],
          "private": "eyJlMmJmYjczMC1lY2FhLTExZTYtOGY4OC0zNDM2M2JjN2M0YzAiOnsiY3JlYXRlIjoxODAwMDAwMDAwMDAwLCJkZWxldGUiOjE4MDAwMDAwMDAwMDAsInJlYWQiOjMwMDAwMDAwMDAwMCwidXBkYXRlIjoxODAwMDAwMDAwMDAwfX0=",
          "dependencies": [
            "azurerm_resource_group.demoterraform"
          ]
        }
      ]
    }
  ]
}
