{
  "version": 4,
  "terraform_version": "1.4.6",
  "serial": 27,
  "lineage": "a63a3200-2e3b-f2b0-964c-fc4ea58b96e3",
  "outputs": {},
  "resources": [
    {
      "mode": "data",
      "type": "azurerm_public_ip",
      "name": "public_ip",
      "provider": "provider[\"registry.terraform.io/hashicorp/azurerm\"]",
      "instances": [
        {
          "schema_version": 0,
          "attributes": {
            "allocation_method": "Dynamic",
            "ddos_protection_mode": "VirtualNetworkInherited",
            "ddos_protection_plan_id": null,
            "domain_name_label": "",
            "fqdn": "",
            "id": "/subscriptions/80beae50-8fde-4c7e-9fe0-d328d4b6b84d/resourceGroups/tf-demo-cosmosdb/providers/Microsoft.Network/publicIPAddresses/instance1-public-ip",
            "idle_timeout_in_minutes": 4,
            "ip_address": "",
            "ip_tags": {},
            "ip_version": "IPv4",
            "location": "westeurope",
            "name": "instance1-public-ip",
            "resource_group_name": "tf-demo-cosmosdb",
            "reverse_fqdn": "",
            "sku": "Basic",
            "tags": {},
            "timeouts": null,
            "zones": []
          },
          "sensitive_attributes": []
        }
      ]
    },
    {
      "mode": "managed",
      "type": "azurerm_cosmosdb_account",
      "name": "db",
      "provider": "provider[\"registry.terraform.io/hashicorp/azurerm\"]",
      "instances": [
        {
          "schema_version": 0,
          "attributes": {
            "access_key_metadata_writes_enabled": true,
            "analytical_storage": [
              {
                "schema_type": "FullFidelity"
              }
            ],
            "analytical_storage_enabled": false,
            "backup": [
              {
                "interval_in_minutes": 240,
                "retention_in_hours": 8,
                "storage_redundancy": "Geo",
                "type": "Periodic"
              }
            ],
            "capabilities": [
              {
                "name": "EnableMongo"
              }
            ],
            "capacity": [],
            "connection_strings": [
              "mongodb://training-cosmos-db-57qn0:KdJY3b4yZhKHC1PmCHuJPoxUsRLn3RoVbKDmjN7ye3BQDg5iBVxxPAEVFLFRivMTyUcTzJOmmpigACDbE6B0uQ==@training-cosmos-db-57qn0.mongo.cosmos.azure.com:10255/?ssl=true\u0026replicaSet=globaldb\u0026retrywrites=false\u0026maxIdleTimeMS=120000\u0026appName=@training-cosmos-db-57qn0@",
              "mongodb://training-cosmos-db-57qn0:tEq6j23UldNsVX3KivTXkBW9G7J3j7GrWTLZDYkEYgrcUtcwlIb9ZLmnyZ5J9W6t80mzUZ6L3kcXACDbseD8bw==@training-cosmos-db-57qn0.mongo.cosmos.azure.com:10255/?ssl=true\u0026replicaSet=globaldb\u0026retrywrites=false\u0026maxIdleTimeMS=120000\u0026appName=@training-cosmos-db-57qn0@",
              "mongodb://training-cosmos-db-57qn0:ylbrfSftaC3tlJHcIDwukNAtBy4iateVjXEd8Qg0F7oRsH3k9JrnOtf1k246zqMsSZMGo6KfC0PRACDbUPkc8w==@training-cosmos-db-57qn0.mongo.cosmos.azure.com:10255/?ssl=true\u0026replicaSet=globaldb\u0026retrywrites=false\u0026maxIdleTimeMS=120000\u0026appName=@training-cosmos-db-57qn0@",
              "mongodb://training-cosmos-db-57qn0:cvqChRK3TlxzCqqQFx48LypZZTeZJzgSyBlQkJIorKIgI5IBMmi3gyMNQ6Jfc0jymyEHA1pKpkYiACDbjYSvKw==@training-cosmos-db-57qn0.mongo.cosmos.azure.com:10255/?ssl=true\u0026replicaSet=globaldb\u0026retrywrites=false\u0026maxIdleTimeMS=120000\u0026appName=@training-cosmos-db-57qn0@"
            ],
            "consistency_policy": [
              {
                "consistency_level": "BoundedStaleness",
                "max_interval_in_seconds": 300,
                "max_staleness_prefix": 100000
              }
            ],
            "cors_rule": [],
            "create_mode": "",
            "default_identity_type": "FirstPartyIdentity",
            "enable_automatic_failover": true,
            "enable_free_tier": false,
            "enable_multiple_write_locations": false,
            "endpoint": "https://training-cosmos-db-57qn0.documents.azure.com:443/",
            "geo_location": [
              {
                "failover_priority": 0,
                "id": "training-cosmos-db-57qn0-uksouth",
                "location": "uksouth",
                "zone_redundant": false
              }
            ],
            "id": "/subscriptions/80beae50-8fde-4c7e-9fe0-d328d4b6b84d/resourceGroups/tf-demo-cosmosdb/providers/Microsoft.DocumentDB/databaseAccounts/training-cosmos-db-57qn0",
            "identity": [],
            "ip_range_filter": "",
            "is_virtual_network_filter_enabled": true,
            "key_vault_key_id": null,
            "kind": "MongoDB",
            "local_authentication_disabled": false,
            "location": "westeurope",
            "mongo_server_version": "3.6",
            "name": "training-cosmos-db-57qn0",
            "network_acl_bypass_for_azure_services": false,
            "network_acl_bypass_ids": [],
            "offer_type": "Standard",
            "primary_key": "KdJY3b4yZhKHC1PmCHuJPoxUsRLn3RoVbKDmjN7ye3BQDg5iBVxxPAEVFLFRivMTyUcTzJOmmpigACDbE6B0uQ==",
            "primary_readonly_key": "ylbrfSftaC3tlJHcIDwukNAtBy4iateVjXEd8Qg0F7oRsH3k9JrnOtf1k246zqMsSZMGo6KfC0PRACDbUPkc8w==",
            "primary_readonly_sql_connection_string": null,
            "primary_sql_connection_string": null,
            "public_network_access_enabled": true,
            "read_endpoints": [
              "https://training-cosmos-db-57qn0-uksouth.documents.azure.com:443/"
            ],
            "resource_group_name": "tf-demo-cosmosdb",
            "restore": [],
            "secondary_key": "tEq6j23UldNsVX3KivTXkBW9G7J3j7GrWTLZDYkEYgrcUtcwlIb9ZLmnyZ5J9W6t80mzUZ6L3kcXACDbseD8bw==",
            "secondary_readonly_key": "cvqChRK3TlxzCqqQFx48LypZZTeZJzgSyBlQkJIorKIgI5IBMmi3gyMNQ6Jfc0jymyEHA1pKpkYiACDbjYSvKw==",
            "secondary_readonly_sql_connection_string": null,
            "secondary_sql_connection_string": null,
            "tags": {},
            "timeouts": null,
            "virtual_network_rule": [
              {
                "id": "/subscriptions/80beae50-8fde-4c7e-9fe0-d328d4b6b84d/resourceGroups/tf-demo-cosmosdb/providers/Microsoft.Network/virtualNetworks/demo-network/subnets/demo-internal-1",
                "ignore_missing_vnet_service_endpoint": false
              }
            ],
            "write_endpoints": [
              "https://training-cosmos-db-57qn0-uksouth.documents.azure.com:443/"
            ]
          },
          "sensitive_attributes": [],
          "private": "eyJlMmJmYjczMC1lY2FhLTExZTYtOGY4OC0zNDM2M2JjN2M0YzAiOnsiY3JlYXRlIjoxMDgwMDAwMDAwMDAwMCwiZGVsZXRlIjoxMDgwMDAwMDAwMDAwMCwicmVhZCI6MzAwMDAwMDAwMDAwLCJ1cGRhdGUiOjEwODAwMDAwMDAwMDAwfX0=",
          "dependencies": [
            "azurerm_resource_group.demo",
            "azurerm_subnet.demo-internal-1",
            "azurerm_virtual_network.demo",
            "random_string.random-name"
          ]
        }
      ]
    },
    {
      "mode": "managed",
      "type": "azurerm_cosmosdb_mongo_collection",
      "name": "mongo-example-collection",
      "provider": "provider[\"registry.terraform.io/hashicorp/azurerm\"]",
      "instances": [
        {
          "schema_version": 1,
          "attributes": {
            "account_name": "training-cosmos-db-57qn0",
            "analytical_storage_ttl": 0,
            "autoscale_settings": [],
            "database_name": "training-cosmos-mongo-db",
            "default_ttl_seconds": 777,
            "id": "/subscriptions/80beae50-8fde-4c7e-9fe0-d328d4b6b84d/resourceGroups/tf-demo-cosmosdb/providers/Microsoft.DocumentDB/databaseAccounts/training-cosmos-db-57qn0/mongodbDatabases/training-cosmos-mongo-db/collections/training-cosmos-mongo-db",
            "index": [
              {
                "keys": [
                  "_id"
                ],
                "unique": false
              },
              {
                "keys": [
                  "aKey"
                ],
                "unique": false
              },
              {
                "keys": [
                  "uniqueKey"
                ],
                "unique": false
              }
            ],
            "name": "training-cosmos-mongo-db",
            "resource_group_name": "tf-demo-cosmosdb",
            "shard_key": "uniquekey",
            "system_indexes": [
              {
                "keys": [
                  "_id"
                ],
                "unique": true
              }
            ],
            "throughput": 400,
            "timeouts": null
          },
          "sensitive_attributes": [],
          "private": "eyJlMmJmYjczMC1lY2FhLTExZTYtOGY4OC0zNDM2M2JjN2M0YzAiOnsiY3JlYXRlIjoxODAwMDAwMDAwMDAwLCJkZWxldGUiOjE4MDAwMDAwMDAwMDAsInJlYWQiOjMwMDAwMDAwMDAwMCwidXBkYXRlIjoxODAwMDAwMDAwMDAwfSwic2NoZW1hX3ZlcnNpb24iOiIxIn0=",
          "dependencies": [
            "azurerm_cosmosdb_account.db",
            "azurerm_cosmosdb_mongo_database.mongo-example-database",
            "azurerm_resource_group.demo"
          ]
        }
      ]
    },
    {
      "mode": "managed",
      "type": "azurerm_cosmosdb_mongo_database",
      "name": "mongo-example-database",
      "provider": "provider[\"registry.terraform.io/hashicorp/azurerm\"]",
      "instances": [
        {
          "schema_version": 1,
          "attributes": {
            "account_name": "training-cosmos-db-57qn0",
            "autoscale_settings": [],
            "id": "/subscriptions/80beae50-8fde-4c7e-9fe0-d328d4b6b84d/resourceGroups/tf-demo-cosmosdb/providers/Microsoft.DocumentDB/databaseAccounts/training-cosmos-db-57qn0/mongodbDatabases/training-cosmos-mongo-db",
            "name": "training-cosmos-mongo-db",
            "resource_group_name": "tf-demo-cosmosdb",
            "throughput": 0,
            "timeouts": null
          },
          "sensitive_attributes": [],
          "private": "eyJlMmJmYjczMC1lY2FhLTExZTYtOGY4OC0zNDM2M2JjN2M0YzAiOnsiY3JlYXRlIjoxODAwMDAwMDAwMDAwLCJkZWxldGUiOjE4MDAwMDAwMDAwMDAsInJlYWQiOjMwMDAwMDAwMDAwMCwidXBkYXRlIjoxODAwMDAwMDAwMDAwfSwic2NoZW1hX3ZlcnNpb24iOiIxIn0=",
          "dependencies": [
            "azurerm_cosmosdb_account.db",
            "azurerm_resource_group.demo",
            "azurerm_subnet.demo-internal-1",
            "azurerm_virtual_network.demo",
            "random_string.random-name"
          ]
        }
      ]
    },
    {
      "mode": "managed",
      "type": "azurerm_network_interface",
      "name": "demo-instance",
      "provider": "provider[\"registry.terraform.io/hashicorp/azurerm\"]",
      "instances": [
        {
          "schema_version": 0,
          "attributes": {
            "applied_dns_servers": [],
            "dns_servers": [],
            "edge_zone": "",
            "enable_accelerated_networking": false,
            "enable_ip_forwarding": false,
            "id": "/subscriptions/80beae50-8fde-4c7e-9fe0-d328d4b6b84d/resourceGroups/tf-demo-cosmosdb/providers/Microsoft.Network/networkInterfaces/demo-instance1",
            "internal_dns_name_label": "",
            "internal_domain_name_suffix": "",
            "ip_configuration": [
              {
                "gateway_load_balancer_frontend_ip_configuration_id": "",
                "name": "instance1",
                "primary": true,
                "private_ip_address": "10.0.0.4",
                "private_ip_address_allocation": "Dynamic",
                "private_ip_address_version": "IPv4",
                "public_ip_address_id": "/subscriptions/80beae50-8fde-4c7e-9fe0-d328d4b6b84d/resourceGroups/tf-demo-cosmosdb/providers/Microsoft.Network/publicIPAddresses/instance1-public-ip",
                "subnet_id": "/subscriptions/80beae50-8fde-4c7e-9fe0-d328d4b6b84d/resourceGroups/tf-demo-cosmosdb/providers/Microsoft.Network/virtualNetworks/demo-network/subnets/demo-internal-1"
              }
            ],
            "location": "westeurope",
            "mac_address": "60-45-BD-F5-E5-B1",
            "name": "demo-instance1",
            "private_ip_address": "10.0.0.4",
            "private_ip_addresses": [
              "10.0.0.4"
            ],
            "resource_group_name": "tf-demo-cosmosdb",
            "tags": {},
            "timeouts": null,
            "virtual_machine_id": "/subscriptions/80beae50-8fde-4c7e-9fe0-d328d4b6b84d/resourceGroups/tf-demo-cosmosdb/providers/Microsoft.Compute/virtualMachines/demo-vm"
          },
          "sensitive_attributes": [],
          "private": "eyJlMmJmYjczMC1lY2FhLTExZTYtOGY4OC0zNDM2M2JjN2M0YzAiOnsiY3JlYXRlIjoxODAwMDAwMDAwMDAwLCJkZWxldGUiOjE4MDAwMDAwMDAwMDAsInJlYWQiOjMwMDAwMDAwMDAwMCwidXBkYXRlIjoxODAwMDAwMDAwMDAwfX0=",
          "dependencies": [
            "azurerm_public_ip.demo-instance",
            "azurerm_resource_group.demo",
            "azurerm_subnet.demo-internal-1",
            "azurerm_virtual_network.demo"
          ]
        }
      ]
    },
    {
      "mode": "managed",
      "type": "azurerm_network_interface_security_group_association",
      "name": "demo-instance-association",
      "provider": "provider[\"registry.terraform.io/hashicorp/azurerm\"]",
      "instances": [
        {
          "schema_version": 0,
          "attributes": {
            "id": "/subscriptions/80beae50-8fde-4c7e-9fe0-d328d4b6b84d/resourceGroups/tf-demo-cosmosdb/providers/Microsoft.Network/networkInterfaces/demo-instance1|/subscriptions/80beae50-8fde-4c7e-9fe0-d328d4b6b84d/resourceGroups/tf-demo-cosmosdb/providers/Microsoft.Network/networkSecurityGroups/demo-allow-ssh",
            "network_interface_id": "/subscriptions/80beae50-8fde-4c7e-9fe0-d328d4b6b84d/resourceGroups/tf-demo-cosmosdb/providers/Microsoft.Network/networkInterfaces/demo-instance1",
            "network_security_group_id": "/subscriptions/80beae50-8fde-4c7e-9fe0-d328d4b6b84d/resourceGroups/tf-demo-cosmosdb/providers/Microsoft.Network/networkSecurityGroups/demo-allow-ssh",
            "timeouts": null
          },
          "sensitive_attributes": [],
          "private": "eyJlMmJmYjczMC1lY2FhLTExZTYtOGY4OC0zNDM2M2JjN2M0YzAiOnsiY3JlYXRlIjoxODAwMDAwMDAwMDAwLCJkZWxldGUiOjE4MDAwMDAwMDAwMDAsInJlYWQiOjMwMDAwMDAwMDAwMCwidXBkYXRlIjoxODAwMDAwMDAwMDAwfX0=",
          "dependencies": [
            "azurerm_network_interface.demo-instance",
            "azurerm_network_security_group.allow-ssh",
            "azurerm_public_ip.demo-instance",
            "azurerm_resource_group.demo",
            "azurerm_subnet.demo-internal-1",
            "azurerm_virtual_network.demo"
          ]
        }
      ]
    },
    {
      "mode": "managed",
      "type": "azurerm_network_security_group",
      "name": "allow-ssh",
      "provider": "provider[\"registry.terraform.io/hashicorp/azurerm\"]",
      "instances": [
        {
          "schema_version": 0,
          "attributes": {
            "id": "/subscriptions/80beae50-8fde-4c7e-9fe0-d328d4b6b84d/resourceGroups/tf-demo-cosmosdb/providers/Microsoft.Network/networkSecurityGroups/demo-allow-ssh",
            "location": "westeurope",
            "name": "demo-allow-ssh",
            "resource_group_name": "tf-demo-cosmosdb",
            "security_rule": [
              {
                "access": "Allow",
                "description": "",
                "destination_address_prefix": "*",
                "destination_address_prefixes": [],
                "destination_application_security_group_ids": [],
                "destination_port_range": "22",
                "destination_port_ranges": [],
                "direction": "Inbound",
                "name": "SSH",
                "priority": 1001,
                "protocol": "Tcp",
                "source_address_prefix": "*",
                "source_address_prefixes": [],
                "source_application_security_group_ids": [],
                "source_port_range": "*",
                "source_port_ranges": []
              }
            ],
            "tags": {},
            "timeouts": null
          },
          "sensitive_attributes": [],
          "private": "eyJlMmJmYjczMC1lY2FhLTExZTYtOGY4OC0zNDM2M2JjN2M0YzAiOnsiY3JlYXRlIjoxODAwMDAwMDAwMDAwLCJkZWxldGUiOjE4MDAwMDAwMDAwMDAsInJlYWQiOjMwMDAwMDAwMDAwMCwidXBkYXRlIjoxODAwMDAwMDAwMDAwfX0=",
          "dependencies": [
            "azurerm_resource_group.demo"
          ]
        }
      ]
    },
    {
      "mode": "managed",
      "type": "azurerm_public_ip",
      "name": "demo-instance",
      "provider": "provider[\"registry.terraform.io/hashicorp/azurerm\"]",
      "instances": [
        {
          "schema_version": 0,
          "attributes": {
            "allocation_method": "Dynamic",
            "ddos_protection_mode": "VirtualNetworkInherited",
            "ddos_protection_plan_id": null,
            "domain_name_label": null,
            "edge_zone": "",
            "fqdn": null,
            "id": "/subscriptions/80beae50-8fde-4c7e-9fe0-d328d4b6b84d/resourceGroups/tf-demo-cosmosdb/providers/Microsoft.Network/publicIPAddresses/instance1-public-ip",
            "idle_timeout_in_minutes": 4,
            "ip_address": "",
            "ip_tags": {},
            "ip_version": "IPv4",
            "location": "westeurope",
            "name": "instance1-public-ip",
            "public_ip_prefix_id": null,
            "resource_group_name": "tf-demo-cosmosdb",
            "reverse_fqdn": null,
            "sku": "Basic",
            "sku_tier": "Regional",
            "tags": {},
            "timeouts": null,
            "zones": []
          },
          "sensitive_attributes": [],
          "private": "eyJlMmJmYjczMC1lY2FhLTExZTYtOGY4OC0zNDM2M2JjN2M0YzAiOnsiY3JlYXRlIjoxODAwMDAwMDAwMDAwLCJkZWxldGUiOjE4MDAwMDAwMDAwMDAsInJlYWQiOjMwMDAwMDAwMDAwMCwidXBkYXRlIjoxODAwMDAwMDAwMDAwfX0=",
          "dependencies": [
            "azurerm_resource_group.demo"
          ]
        }
      ]
    },
    {
      "mode": "managed",
      "type": "azurerm_resource_group",
      "name": "demo",
      "provider": "provider[\"registry.terraform.io/hashicorp/azurerm\"]",
      "instances": [
        {
          "schema_version": 0,
          "attributes": {
            "id": "/subscriptions/80beae50-8fde-4c7e-9fe0-d328d4b6b84d/resourceGroups/tf-demo-cosmosdb",
            "location": "westeurope",
            "name": "tf-demo-cosmosdb",
            "tags": {},
            "timeouts": null
          },
          "sensitive_attributes": [],
          "private": "eyJlMmJmYjczMC1lY2FhLTExZTYtOGY4OC0zNDM2M2JjN2M0YzAiOnsiY3JlYXRlIjo1NDAwMDAwMDAwMDAwLCJkZWxldGUiOjU0MDAwMDAwMDAwMDAsInJlYWQiOjMwMDAwMDAwMDAwMCwidXBkYXRlIjo1NDAwMDAwMDAwMDAwfX0="
        }
      ]
    },
    {
      "mode": "managed",
      "type": "azurerm_subnet",
      "name": "demo-internal-1",
      "provider": "provider[\"registry.terraform.io/hashicorp/azurerm\"]",
      "instances": [
        {
          "schema_version": 0,
          "attributes": {
            "address_prefixes": [
              "10.0.0.0/24"
            ],
            "delegation": [],
            "enforce_private_link_endpoint_network_policies": false,
            "enforce_private_link_service_network_policies": false,
            "id": "/subscriptions/80beae50-8fde-4c7e-9fe0-d328d4b6b84d/resourceGroups/tf-demo-cosmosdb/providers/Microsoft.Network/virtualNetworks/demo-network/subnets/demo-internal-1",
            "name": "demo-internal-1",
            "private_endpoint_network_policies_enabled": true,
            "private_link_service_network_policies_enabled": true,
            "resource_group_name": "tf-demo-cosmosdb",
            "service_endpoint_policy_ids": [],
            "service_endpoints": [
              "Microsoft.AzureCosmosDB"
            ],
            "timeouts": null,
            "virtual_network_name": "demo-network"
          },
          "sensitive_attributes": [],
          "private": "eyJlMmJmYjczMC1lY2FhLTExZTYtOGY4OC0zNDM2M2JjN2M0YzAiOnsiY3JlYXRlIjoxODAwMDAwMDAwMDAwLCJkZWxldGUiOjE4MDAwMDAwMDAwMDAsInJlYWQiOjMwMDAwMDAwMDAwMCwidXBkYXRlIjoxODAwMDAwMDAwMDAwfX0=",
          "dependencies": [
            "azurerm_resource_group.demo",
            "azurerm_virtual_network.demo"
          ]
        }
      ]
    },
    {
      "mode": "managed",
      "type": "azurerm_virtual_machine",
      "name": "demo-instance",
      "provider": "provider[\"registry.terraform.io/hashicorp/azurerm\"]",
      "instances": [
        {
          "schema_version": 0,
          "attributes": {
            "additional_capabilities": [],
            "availability_set_id": null,
            "boot_diagnostics": [],
            "delete_data_disks_on_termination": true,
            "delete_os_disk_on_termination": true,
            "id": "/subscriptions/80beae50-8fde-4c7e-9fe0-d328d4b6b84d/resourceGroups/tf-demo-cosmosdb/providers/Microsoft.Compute/virtualMachines/demo-vm",
            "identity": [],
            "license_type": null,
            "location": "westeurope",
            "name": "demo-vm",
            "network_interface_ids": [
              "/subscriptions/80beae50-8fde-4c7e-9fe0-d328d4b6b84d/resourceGroups/tf-demo-cosmosdb/providers/Microsoft.Network/networkInterfaces/demo-instance1"
            ],
            "os_profile": [
              {
                "admin_password": "",
                "admin_username": "wasytb",
                "computer_name": "demo-instance",
                "custom_data": ""
              }
            ],
            "os_profile_linux_config": [
              {
                "disable_password_authentication": true,
                "ssh_keys": [
                  {
                    "key_data": "ssh-rsa AAAAB3NzaC1yc2EAAAADAQABAAABgQDIuHBnRto4A6yhVwz94RWgrwhyrF5ptYuoEqBd1L2UTL0YL3njcTfxf1fdlzCvF/jX1ehV6dVmhAUUiJRbRqGTcTF8ndT4H9uDIRnf/hkPvmD16wjgcDSnDQ95dyRComMcWRawdqHd1/wZ51CnvtP007shaZoZDai7Q/b7EFVtk7c8jMtajxg+FUq2tz0sQ3PG1Boz99TPM96peaf60ZqAWaXLuI97OUySdtmRqJb0Yeeyg8vIuy6P/HVLeBbtvihS9yUGqfv0Y4e3mwBrniqJJ407moBl0ozqWjWI+HA4S1EggDqkEQd0P/ymO2X43JXDuXiD+kR6MBz2036fUkhDjv5bJl3VkeUffELaRmAK1LHNqyjMyu6DNgEMeZtSx7erOTGSnwfVbtJcmt/4nYKRo4ofhkrXHU1bwegyHpCWWcWXrnFyRn5bDKIn5P3C425fHuXZAMlyOT/40Y4J+nOToGLeB8+KhoXEY6SY7r5CTmOQPz+UyunJLl2cdN7b+Gc= wasytb@DESKTOP-3M9N6H3\n",
                    "path": "/home/wasytb/.ssh/authorized_keys"
                  }
                ]
              }
            ],
            "os_profile_secrets": [],
            "os_profile_windows_config": [],
            "plan": [],
            "primary_network_interface_id": null,
            "proximity_placement_group_id": null,
            "resource_group_name": "tf-demo-cosmosdb",
            "storage_data_disk": [],
            "storage_image_reference": [
              {
                "id": "",
                "offer": "UbuntuServer",
                "publisher": "Canonical",
                "sku": "18.04-LTS",
                "version": "latest"
              }
            ],
            "storage_os_disk": [
              {
                "caching": "ReadWrite",
                "create_option": "FromImage",
                "disk_size_gb": 30,
                "image_uri": "",
                "managed_disk_id": "/subscriptions/80beae50-8fde-4c7e-9fe0-d328d4b6b84d/resourceGroups/tf-demo-cosmosdb/providers/Microsoft.Compute/disks/myosdisk1",
                "managed_disk_type": "Standard_LRS",
                "name": "myosdisk1",
                "os_type": "Linux",
                "vhd_uri": "",
                "write_accelerator_enabled": false
              }
            ],
            "tags": {},
            "timeouts": null,
            "vm_size": "Standard_A1_v2",
            "zones": []
          },
          "sensitive_attributes": [],
          "private": "eyJlMmJmYjczMC1lY2FhLTExZTYtOGY4OC0zNDM2M2JjN2M0YzAiOnsiY3JlYXRlIjozNjAwMDAwMDAwMDAwLCJkZWxldGUiOjM2MDAwMDAwMDAwMDAsInJlYWQiOjMwMDAwMDAwMDAwMCwidXBkYXRlIjozNjAwMDAwMDAwMDAwfX0=",
          "dependencies": [
            "azurerm_network_interface.demo-instance",
            "azurerm_public_ip.demo-instance",
            "azurerm_resource_group.demo",
            "azurerm_subnet.demo-internal-1",
            "azurerm_virtual_network.demo"
          ]
        }
      ]
    },
    {
      "mode": "managed",
      "type": "azurerm_virtual_network",
      "name": "demo",
      "provider": "provider[\"registry.terraform.io/hashicorp/azurerm\"]",
      "instances": [
        {
          "schema_version": 0,
          "attributes": {
            "address_space": [
              "10.0.0.0/16"
            ],
            "bgp_community": "",
            "ddos_protection_plan": [],
            "dns_servers": [],
            "edge_zone": "",
            "flow_timeout_in_minutes": 0,
            "guid": "4fe17a10-d29a-4adc-9368-ca5759f75dd9",
            "id": "/subscriptions/80beae50-8fde-4c7e-9fe0-d328d4b6b84d/resourceGroups/tf-demo-cosmosdb/providers/Microsoft.Network/virtualNetworks/demo-network",
            "location": "westeurope",
            "name": "demo-network",
            "resource_group_name": "tf-demo-cosmosdb",
            "subnet": [
              {
                "address_prefix": "10.0.0.0/24",
                "id": "/subscriptions/80beae50-8fde-4c7e-9fe0-d328d4b6b84d/resourceGroups/tf-demo-cosmosdb/providers/Microsoft.Network/virtualNetworks/demo-network/subnets/demo-internal-1",
                "name": "demo-internal-1",
                "security_group": ""
              }
            ],
            "tags": {},
            "timeouts": null
          },
          "sensitive_attributes": [],
          "private": "eyJlMmJmYjczMC1lY2FhLTExZTYtOGY4OC0zNDM2M2JjN2M0YzAiOnsiY3JlYXRlIjoxODAwMDAwMDAwMDAwLCJkZWxldGUiOjE4MDAwMDAwMDAwMDAsInJlYWQiOjMwMDAwMDAwMDAwMCwidXBkYXRlIjoxODAwMDAwMDAwMDAwfX0=",
          "dependencies": [
            "azurerm_resource_group.demo"
          ]
        }
      ]
    },
    {
      "mode": "managed",
      "type": "random_string",
      "name": "random-name",
      "provider": "provider[\"registry.terraform.io/hashicorp/random\"]",
      "instances": [
        {
          "schema_version": 2,
          "attributes": {
            "id": "57qn0",
            "keepers": null,
            "length": 5,
            "lower": true,
            "min_lower": 0,
            "min_numeric": 0,
            "min_special": 0,
            "min_upper": 0,
            "number": true,
            "numeric": true,
            "override_special": null,
            "result": "57qn0",
            "special": false,
            "upper": false
          },
          "sensitive_attributes": []
        }
      ]
    }
  ],
  "check_results": null
}
